// !$*UTF8*$!
{
	archiveVersion = 1;
	classes = {
	};
	objectVersion = 48;
	objects = {

/* Begin PBXBuildFile section */
		C60045F31FBECA8D00D8A855 /* AppDelegate.m in Sources */ = {isa = PBXBuildFile; fileRef = C60045F21FBECA8D00D8A855 /* AppDelegate.m */; };
		C60045F91FBECA8D00D8A855 /* Main.storyboard in Resources */ = {isa = PBXBuildFile; fileRef = C60045F71FBECA8D00D8A855 /* Main.storyboard */; };
		C60045FB1FBECA8D00D8A855 /* Assets.xcassets in Resources */ = {isa = PBXBuildFile; fileRef = C60045FA1FBECA8D00D8A855 /* Assets.xcassets */; };
		C60045FE1FBECA8D00D8A855 /* LaunchScreen.storyboard in Resources */ = {isa = PBXBuildFile; fileRef = C60045FC1FBECA8D00D8A855 /* LaunchScreen.storyboard */; };
		C60046011FBECA8D00D8A855 /* main.m in Sources */ = {isa = PBXBuildFile; fileRef = C60046001FBECA8D00D8A855 /* main.m */; };
		C600460E1FBECB9400D8A855 /* LocalAuthentication.framework in Frameworks */ = {isa = PBXBuildFile; fileRef = C600460D1FBECB9400D8A855 /* LocalAuthentication.framework */; };
		C60046101FBECB9B00D8A855 /* MessageUI.framework in Frameworks */ = {isa = PBXBuildFile; fileRef = C600460F1FBECB9B00D8A855 /* MessageUI.framework */; };
		C60046121FBECBA100D8A855 /* Accelerate.framework in Frameworks */ = {isa = PBXBuildFile; fileRef = C60046111FBECBA100D8A855 /* Accelerate.framework */; };
		C60046141FBECBA800D8A855 /* libz.tbd in Frameworks */ = {isa = PBXBuildFile; fileRef = C60046131FBECBA800D8A855 /* libz.tbd */; };
		C60046161FBECBAE00D8A855 /* UIKit.framework in Frameworks */ = {isa = PBXBuildFile; fileRef = C60046151FBECBAE00D8A855 /* UIKit.framework */; };
		C60046181FBECBB300D8A855 /* Foundation.framework in Frameworks */ = {isa = PBXBuildFile; fileRef = C60046171FBECBB300D8A855 /* Foundation.framework */; };
		C600461A1FBECBB900D8A855 /* CoreGraphics.framework in Frameworks */ = {isa = PBXBuildFile; fileRef = C60046191FBECBB900D8A855 /* CoreGraphics.framework */; };
		C600461C1FBECBC000D8A855 /* SystemConfiguration.framework in Frameworks */ = {isa = PBXBuildFile; fileRef = C600461B1FBECBC000D8A855 /* SystemConfiguration.framework */; };
		C600461E1FBECBC600D8A855 /* CoreTelephony.framework in Frameworks */ = {isa = PBXBuildFile; fileRef = C600461D1FBECBC600D8A855 /* CoreTelephony.framework */; };
		C60046201FBECBCD00D8A855 /* CoreFoundation.framework in Frameworks */ = {isa = PBXBuildFile; fileRef = C600461F1FBECBCC00D8A855 /* CoreFoundation.framework */; };
		C60046221FBECBD300D8A855 /* CFNetwork.framework in Frameworks */ = {isa = PBXBuildFile; fileRef = C60046211FBECBD300D8A855 /* CFNetwork.framework */; };
		C60046241FBECBD900D8A855 /* libsqlite3.tbd in Frameworks */ = {isa = PBXBuildFile; fileRef = C60046231FBECBD900D8A855 /* libsqlite3.tbd */; };
		C60046261FBECBDD00D8A855 /* Security.framework in Frameworks */ = {isa = PBXBuildFile; fileRef = C60046251FBECBDD00D8A855 /* Security.framework */; };
		C60047501FBECDCA00D8A855 /* BaseNavigationController.m in Sources */ = {isa = PBXBuildFile; fileRef = C600462F1FBECD7200D8A855 /* BaseNavigationController.m */; };
		C60047511FBECDCA00D8A855 /* BaseViewController+deveceName.m in Sources */ = {isa = PBXBuildFile; fileRef = C60046311FBECD7200D8A855 /* BaseViewController+deveceName.m */; };
		C60047521FBECDCA00D8A855 /* BaseViewController+MJRefresh.m in Sources */ = {isa = PBXBuildFile; fileRef = C60046331FBECD7200D8A855 /* BaseViewController+MJRefresh.m */; };
		C60047531FBECDCA00D8A855 /* BaseViewController+navigationBar.m in Sources */ = {isa = PBXBuildFile; fileRef = C60046351FBECD7200D8A855 /* BaseViewController+navigationBar.m */; };
		C60047541FBECDCA00D8A855 /* BaseViewController+tapToShowImage.m in Sources */ = {isa = PBXBuildFile; fileRef = C60046371FBECD7200D8A855 /* BaseViewController+tapToShowImage.m */; };
		C60047551FBECDCA00D8A855 /* BaseViewController.m in Sources */ = {isa = PBXBuildFile; fileRef = C60046391FBECD7200D8A855 /* BaseViewController.m */; };
		C60047561FBECDCA00D8A855 /* BaseCell.m in Sources */ = {isa = PBXBuildFile; fileRef = C600463C1FBECD7200D8A855 /* BaseCell.m */; };
		C60047571FBECDCA00D8A855 /* BaseModel.m in Sources */ = {isa = PBXBuildFile; fileRef = C600463E1FBECD7200D8A855 /* BaseModel.m */; };
		C60047581FBECDCA00D8A855 /* BaseView.m in Sources */ = {isa = PBXBuildFile; fileRef = C60046401FBECD7200D8A855 /* BaseView.m */; };
		C60047591FBECDCA00D8A855 /* YJThemeButton.m in Sources */ = {isa = PBXBuildFile; fileRef = C60046421FBECD7200D8A855 /* YJThemeButton.m */; };
		C600475A1FBECDCA00D8A855 /* YJThemeImageView.m in Sources */ = {isa = PBXBuildFile; fileRef = C60046441FBECD7200D8A855 /* YJThemeImageView.m */; };
		C600475B1FBECDCA00D8A855 /* YJThemeLabel.m in Sources */ = {isa = PBXBuildFile; fileRef = C60046461FBECD7200D8A855 /* YJThemeLabel.m */; };
		C600475C1FBECDCA00D8A855 /* YJFontListViewController.m in Sources */ = {isa = PBXBuildFile; fileRef = C600464A1FBECD7300D8A855 /* YJFontListViewController.m */; };
		C600475D1FBECDCA00D8A855 /* YJFontNameViewController.m in Sources */ = {isa = PBXBuildFile; fileRef = C600464C1FBECD7300D8A855 /* YJFontNameViewController.m */; };
		C600475E1FBECDCA00D8A855 /* YJFontSettingViewController.m in Sources */ = {isa = PBXBuildFile; fileRef = C600464E1FBECD7300D8A855 /* YJFontSettingViewController.m */; };
		C600475F1FBECDCA00D8A855 /* YJFontSpaceHeightViewController.m in Sources */ = {isa = PBXBuildFile; fileRef = C60046501FBECD7300D8A855 /* YJFontSpaceHeightViewController.m */; };
		C60047601FBECDCA00D8A855 /* YJFontSpaceWidthViewController.m in Sources */ = {isa = PBXBuildFile; fileRef = C60046521FBECD7300D8A855 /* YJFontSpaceWidthViewController.m */; };
		C60047611FBECDCA00D8A855 /* YJHomeDownView.m in Sources */ = {isa = PBXBuildFile; fileRef = C60046561FBECD7300D8A855 /* YJHomeDownView.m */; };
		C60047621FBECDCA00D8A855 /* YJHomeListCell.m in Sources */ = {isa = PBXBuildFile; fileRef = C60046581FBECD7300D8A855 /* YJHomeListCell.m */; };
		C60047631FBECDCA00D8A855 /* YJThemeView.m in Sources */ = {isa = PBXBuildFile; fileRef = C600465A1FBECD7300D8A855 /* YJThemeView.m */; };
		C60047641FBECDCA00D8A855 /* HomeViewController.m in Sources */ = {isa = PBXBuildFile; fileRef = C600465C1FBECD7300D8A855 /* HomeViewController.m */; };
		C60047651FBECDCA00D8A855 /* YJNoteModel.m in Sources */ = {isa = PBXBuildFile; fileRef = C60046B71FBECD7300D8A855 /* YJNoteModel.m */; };
		C60047661FBECDCA00D8A855 /* YJSettingViewController.m in Sources */ = {isa = PBXBuildFile; fileRef = C60046BA1FBECD7300D8A855 /* YJSettingViewController.m */; };
		C60047671FBECDCA00D8A855 /* YJActionSheet.m in Sources */ = {isa = PBXBuildFile; fileRef = C60046BE1FBECD7300D8A855 /* YJActionSheet.m */; };
		C60047681FBECDCA00D8A855 /* YJChangeBgImageColorView.m in Sources */ = {isa = PBXBuildFile; fileRef = C60046C01FBECD7300D8A855 /* YJChangeBgImageColorView.m */; };
		C60047691FBECDCA00D8A855 /* YJWriteViewController.m in Sources */ = {isa = PBXBuildFile; fileRef = C60046F81FBECD7400D8A855 /* YJWriteViewController.m */; };
		C600476A1FBECDCA00D8A855 /* NSString+StringCateGory.m in Sources */ = {isa = PBXBuildFile; fileRef = C60046FC1FBECD7400D8A855 /* NSString+StringCateGory.m */; };
		C600476B1FBECDCA00D8A855 /* NSString+Valid.m in Sources */ = {isa = PBXBuildFile; fileRef = C60046FE1FBECD7400D8A855 /* NSString+Valid.m */; };
		C600476C1FBECDCA00D8A855 /* UIImage+Blur.m in Sources */ = {isa = PBXBuildFile; fileRef = C60047001FBECD7400D8A855 /* UIImage+Blur.m */; };
		C600476D1FBECDCA00D8A855 /* UIView+getFrame.m in Sources */ = {isa = PBXBuildFile; fileRef = C60047021FBECD7400D8A855 /* UIView+getFrame.m */; };
		C600476E1FBECDCA00D8A855 /* DeviceUUID.m in Sources */ = {isa = PBXBuildFile; fileRef = C60047061FBECD7400D8A855 /* DeviceUUID.m */; settings = {COMPILER_FLAGS = "-fno-objc-arc"; }; };
		C600476F1FBECDCA00D8A855 /* KeychainItemWrapper.m in Sources */ = {isa = PBXBuildFile; fileRef = C60047081FBECD7400D8A855 /* KeychainItemWrapper.m */; settings = {COMPILER_FLAGS = "-fno-objc-arc"; }; };
		C60047701FBECDCA00D8A855 /* Emoji.m in Sources */ = {isa = PBXBuildFile; fileRef = C600470C1FBECD7400D8A855 /* Emoji.m */; };
		C60047711FBECDCA00D8A855 /* EmojiEmoticons.m in Sources */ = {isa = PBXBuildFile; fileRef = C600470E1FBECD7400D8A855 /* EmojiEmoticons.m */; };
		C60047721FBECDCA00D8A855 /* EmojiMapSymbols.m in Sources */ = {isa = PBXBuildFile; fileRef = C60047101FBECD7400D8A855 /* EmojiMapSymbols.m */; };
		C60047731FBECDCA00D8A855 /* EmojiPictographs.m in Sources */ = {isa = PBXBuildFile; fileRef = C60047121FBECD7400D8A855 /* EmojiPictographs.m */; };
		C60047741FBECDCA00D8A855 /* EmojiTransport.m in Sources */ = {isa = PBXBuildFile; fileRef = C60047141FBECD7400D8A855 /* EmojiTransport.m */; };
		C60047751FBECDCA00D8A855 /* MWDEmojiView.m in Sources */ = {isa = PBXBuildFile; fileRef = C60047161FBECD7400D8A855 /* MWDEmojiView.m */; };
		C60047761FBECDCA00D8A855 /* FileManager.m in Sources */ = {isa = PBXBuildFile; fileRef = C60047191FBECD7400D8A855 /* FileManager.m */; };
		C60047771FBECDCA00D8A855 /* FMDBManager.m in Sources */ = {isa = PBXBuildFile; fileRef = C600471C1FBECD7400D8A855 /* FMDBManager.m */; };
		C60047781FBECDCA00D8A855 /* FXBlurView.m in Sources */ = {isa = PBXBuildFile; fileRef = C600471F1FBECD7400D8A855 /* FXBlurView.m */; };
		C60047791FBECDCA00D8A855 /* AFHTTPClickManager.m in Sources */ = {isa = PBXBuildFile; fileRef = C60047221FBECD7400D8A855 /* AFHTTPClickManager.m */; };
		C600477A1FBECDCA00D8A855 /* JSONKit.m in Sources */ = {isa = PBXBuildFile; fileRef = C60047251FBECD7400D8A855 /* JSONKit.m */; settings = {COMPILER_FLAGS = "-fno-objc-arc"; }; };
		C600477B1FBECDCA00D8A855 /* LocationManager.m in Sources */ = {isa = PBXBuildFile; fileRef = C60047281FBECD7400D8A855 /* LocationManager.m */; };
		C600477C1FBECDCA00D8A855 /* YJPasswordView.m in Sources */ = {isa = PBXBuildFile; fileRef = C600472B1FBECD7400D8A855 /* YJPasswordView.m */; };
		C600477D1FBECDCA00D8A855 /* CHJProgressHUB.m in Sources */ = {isa = PBXBuildFile; fileRef = C600472E1FBECD7400D8A855 /* CHJProgressHUB.m */; };
		C600477E1FBECDCA00D8A855 /* NSMutableArray+SWUtilityButtons.m in Sources */ = {isa = PBXBuildFile; fileRef = C60047321FBECD7400D8A855 /* NSMutableArray+SWUtilityButtons.m */; };
		C600477F1FBECDCA00D8A855 /* SWCellScrollView.m in Sources */ = {isa = PBXBuildFile; fileRef = C60047341FBECD7400D8A855 /* SWCellScrollView.m */; };
		C60047801FBECDCA00D8A855 /* SWLongPressGestureRecognizer.m in Sources */ = {isa = PBXBuildFile; fileRef = C60047361FBECD7400D8A855 /* SWLongPressGestureRecognizer.m */; };
		C60047811FBECDCA00D8A855 /* SWTableViewCell.m in Sources */ = {isa = PBXBuildFile; fileRef = C60047381FBECD7400D8A855 /* SWTableViewCell.m */; };
		C60047821FBECDCA00D8A855 /* SWUtilityButtonTapGestureRecognizer.m in Sources */ = {isa = PBXBuildFile; fileRef = C600473A1FBECD7400D8A855 /* SWUtilityButtonTapGestureRecognizer.m */; };
		C60047831FBECDCA00D8A855 /* SWUtilityButtonView.m in Sources */ = {isa = PBXBuildFile; fileRef = C600473C1FBECD7400D8A855 /* SWUtilityButtonView.m */; };
		C60047841FBECDCA00D8A855 /* SystemCache.m in Sources */ = {isa = PBXBuildFile; fileRef = C600473F1FBECD7400D8A855 /* SystemCache.m */; };
		C60047851FBECDCA00D8A855 /* VVBlurPresentationController.m in Sources */ = {isa = PBXBuildFile; fileRef = C60047431FBECD7400D8A855 /* VVBlurPresentationController.m */; };
		C60047861FBECDCA00D8A855 /* VVBlurPresenter.m in Sources */ = {isa = PBXBuildFile; fileRef = C60047451FBECD7400D8A855 /* VVBlurPresenter.m */; };
		C60047871FBECDCA00D8A855 /* VVBlurTransitioning.m in Sources */ = {isa = PBXBuildFile; fileRef = C60047471FBECD7400D8A855 /* VVBlurTransitioning.m */; };
		C60047881FBECDCA00D8A855 /* VVBlurViewController.m in Sources */ = {isa = PBXBuildFile; fileRef = C60047491FBECD7400D8A855 /* VVBlurViewController.m */; };
		C60047891FBECDE100D8A855 /* theme1 in Resources */ = {isa = PBXBuildFile; fileRef = C600474C1FBECD9200D8A855 /* theme1 */; };
		C600478A1FBECDE100D8A855 /* theme2 in Resources */ = {isa = PBXBuildFile; fileRef = C600474A1FBECD9200D8A855 /* theme2 */; };
		C600478B1FBECDE100D8A855 /* theme3 in Resources */ = {isa = PBXBuildFile; fileRef = C600474F1FBECD9200D8A855 /* theme3 */; };
		C600478C1FBECDE100D8A855 /* theme4 in Resources */ = {isa = PBXBuildFile; fileRef = C600474B1FBECD9200D8A855 /* theme4 */; };
		C600478D1FBECDE100D8A855 /* theme5 in Resources */ = {isa = PBXBuildFile; fileRef = C600474D1FBECD9200D8A855 /* theme5 */; };
		C600478E1FBECDE100D8A855 /* theme6 in Resources */ = {isa = PBXBuildFile; fileRef = C600474E1FBECD9200D8A855 /* theme6 */; };
		C600478F1FBECDF300D8A855 /* touchIDImage@2x.png in Resources */ = {isa = PBXBuildFile; fileRef = C60046B21FBECD7300D8A855 /* touchIDImage@2x.png */; };
		C60047901FBECDF300D8A855 /* touchIDImage@3x.png in Resources */ = {isa = PBXBuildFile; fileRef = C60046B31FBECD7300D8A855 /* touchIDImage@3x.png */; };
		C60047911FBECDF300D8A855 /* YJHome_kuang.png in Resources */ = {isa = PBXBuildFile; fileRef = C60046B41FBECD7300D8A855 /* YJHome_kuang.png */; };
		C60047921FBECDF300D8A855 /* YJBgimage1.png in Resources */ = {isa = PBXBuildFile; fileRef = C60046C31FBECD7300D8A855 /* YJBgimage1.png */; };
		C60047931FBECDF300D8A855 /* YJBgimage2.png in Resources */ = {isa = PBXBuildFile; fileRef = C60046C41FBECD7300D8A855 /* YJBgimage2.png */; };
		C60047941FBECDF300D8A855 /* YJBgimage3.png in Resources */ = {isa = PBXBuildFile; fileRef = C60046C51FBECD7300D8A855 /* YJBgimage3.png */; };
		C60047951FBECDF300D8A855 /* YJBgimage4.png in Resources */ = {isa = PBXBuildFile; fileRef = C60046C61FBECD7300D8A855 /* YJBgimage4.png */; };
		C60047961FBECDF300D8A855 /* YJBgimage5.png in Resources */ = {isa = PBXBuildFile; fileRef = C60046C71FBECD7300D8A855 /* YJBgimage5.png */; };
		C60047971FBECDF300D8A855 /* YJBgimage6.png in Resources */ = {isa = PBXBuildFile; fileRef = C60046C81FBECD7300D8A855 /* YJBgimage6.png */; };
		C60047981FBECDF300D8A855 /* YJBgimage12.png in Resources */ = {isa = PBXBuildFile; fileRef = C60046CC1FBECD7300D8A855 /* YJBgimage12.png */; };
		C60047991FBECDF300D8A855 /* YJBgimage13.png in Resources */ = {isa = PBXBuildFile; fileRef = C60046CD1FBECD7300D8A855 /* YJBgimage13.png */; };
		C600479A1FBECDF300D8A855 /* YJBgimage14.png in Resources */ = {isa = PBXBuildFile; fileRef = C60046CE1FBECD7300D8A855 /* YJBgimage14.png */; };
		C600479B1FBECDF300D8A855 /* YJBgimage15.png in Resources */ = {isa = PBXBuildFile; fileRef = C60046CF1FBECD7300D8A855 /* YJBgimage15.png */; };
		C600479C1FBECDF300D8A855 /* YJBgimage16.png in Resources */ = {isa = PBXBuildFile; fileRef = C60046D01FBECD7300D8A855 /* YJBgimage16.png */; };
		C600479D1FBECDF300D8A855 /* YJBgimage8.png in Resources */ = {isa = PBXBuildFile; fileRef = C60046D41FBECD7300D8A855 /* YJBgimage8.png */; };
		C600479E1FBECDF300D8A855 /* small_YJBgimage1.png in Resources */ = {isa = PBXBuildFile; fileRef = C60046D71FBECD7300D8A855 /* small_YJBgimage1.png */; };
		C600479F1FBECDF300D8A855 /* small_YJBgimage12.png in Resources */ = {isa = PBXBuildFile; fileRef = C60046DA1FBECD7300D8A855 /* small_YJBgimage12.png */; };
		C60047A01FBECDF300D8A855 /* small_YJBgimage13.png in Resources */ = {isa = PBXBuildFile; fileRef = C60046DB1FBECD7300D8A855 /* small_YJBgimage13.png */; };
		C60047A11FBECDF300D8A855 /* small_YJBgimage14.png in Resources */ = {isa = PBXBuildFile; fileRef = C60046DC1FBECD7300D8A855 /* small_YJBgimage14.png */; };
		C60047A21FBECDF300D8A855 /* small_YJBgimage15.png in Resources */ = {isa = PBXBuildFile; fileRef = C60046DD1FBECD7300D8A855 /* small_YJBgimage15.png */; };
		C60047A31FBECDF300D8A855 /* small_YJBgimage16.png in Resources */ = {isa = PBXBuildFile; fileRef = C60046DE1FBECD7300D8A855 /* small_YJBgimage16.png */; };
		C60047A41FBECDF300D8A855 /* small_YJBgimage2.png in Resources */ = {isa = PBXBuildFile; fileRef = C60046E11FBECD7300D8A855 /* small_YJBgimage2.png */; };
		C60047A51FBECDF300D8A855 /* small_YJBgimage3.png in Resources */ = {isa = PBXBuildFile; fileRef = C60046E21FBECD7300D8A855 /* small_YJBgimage3.png */; };
		C60047A61FBECDF300D8A855 /* small_YJBgimage4.png in Resources */ = {isa = PBXBuildFile; fileRef = C60046E31FBECD7300D8A855 /* small_YJBgimage4.png */; };
		C60047A71FBECDF300D8A855 /* small_YJBgimage5.png in Resources */ = {isa = PBXBuildFile; fileRef = C60046E41FBECD7300D8A855 /* small_YJBgimage5.png */; };
		C60047A81FBECDF300D8A855 /* small_YJBgimage6.png in Resources */ = {isa = PBXBuildFile; fileRef = C60046E51FBECD7300D8A855 /* small_YJBgimage6.png */; };
		C60047A91FBECDF300D8A855 /* small_YJBgimage8.png in Resources */ = {isa = PBXBuildFile; fileRef = C60046E71FBECD7300D8A855 /* small_YJBgimage8.png */; };
		C60047AA1FBECDF300D8A855 /* YJWritebgcolor@2x.png in Resources */ = {isa = PBXBuildFile; fileRef = C60046E91FBECD7300D8A855 /* YJWritebgcolor@2x.png */; };
		C60047AB1FBECDF300D8A855 /* YJWritebgcolor@3x.png in Resources */ = {isa = PBXBuildFile; fileRef = C60046EA1FBECD7300D8A855 /* YJWritebgcolor@3x.png */; };
		C60047AC1FBECDF300D8A855 /* YJWritebgimage@2x.png in Resources */ = {isa = PBXBuildFile; fileRef = C60046EB1FBECD7400D8A855 /* YJWritebgimage@2x.png */; };
		C60047AD1FBECDF300D8A855 /* YJWritebgimage@3x.png in Resources */ = {isa = PBXBuildFile; fileRef = C60046EC1FBECD7400D8A855 /* YJWritebgimage@3x.png */; };
		C60047AE1FBECDF300D8A855 /* YJWriteColse@2x.png in Resources */ = {isa = PBXBuildFile; fileRef = C60046ED1FBECD7400D8A855 /* YJWriteColse@2x.png */; };
		C60047AF1FBECDF300D8A855 /* YJWriteColse@3x.png in Resources */ = {isa = PBXBuildFile; fileRef = C60046EE1FBECD7400D8A855 /* YJWriteColse@3x.png */; };
		C60047B01FBECDF300D8A855 /* YJWritekeyboarddown@2x.png in Resources */ = {isa = PBXBuildFile; fileRef = C60046EF1FBECD7400D8A855 /* YJWritekeyboarddown@2x.png */; };
		C60047B11FBECDF300D8A855 /* YJWritekeyboarddown@3x.png in Resources */ = {isa = PBXBuildFile; fileRef = C60046F01FBECD7400D8A855 /* YJWritekeyboarddown@3x.png */; };
		C60047B21FBECDF300D8A855 /* YJWritekeyboardup@2x.png in Resources */ = {isa = PBXBuildFile; fileRef = C60046F11FBECD7400D8A855 /* YJWritekeyboardup@2x.png */; };
		C60047B31FBECDF300D8A855 /* YJWritekeyboardup@3x.png in Resources */ = {isa = PBXBuildFile; fileRef = C60046F21FBECD7400D8A855 /* YJWritekeyboardup@3x.png */; };
		C60047B41FBECDF300D8A855 /* YJWriteLocation@2x.png in Resources */ = {isa = PBXBuildFile; fileRef = C60046F31FBECD7400D8A855 /* YJWriteLocation@2x.png */; };
		C60047B51FBECDF300D8A855 /* YJWriteLocation@3x.png in Resources */ = {isa = PBXBuildFile; fileRef = C60046F41FBECD7400D8A855 /* YJWriteLocation@3x.png */; };
		C60047B61FBECDF300D8A855 /* YJWriteSelect@2x.png in Resources */ = {isa = PBXBuildFile; fileRef = C60046F51FBECD7400D8A855 /* YJWriteSelect@2x.png */; };
		C60047B71FBECDF300D8A855 /* YJWriteSelect@3x.png in Resources */ = {isa = PBXBuildFile; fileRef = C60046F61FBECD7400D8A855 /* YJWriteSelect@3x.png */; };
		C60047B81FBECE0100D8A855 /* FZQTJW.TTF in Resources */ = {isa = PBXBuildFile; fileRef = C60046281FBECD3C00D8A855 /* FZQTJW.TTF */; };
		C60047B91FBECE0100D8A855 /* FZSJSJW.TTF in Resources */ = {isa = PBXBuildFile; fileRef = C60046291FBECD3C00D8A855 /* FZSJSJW.TTF */; };
		C60047BA1FBECE0100D8A855 /* FZSTJW.TTF in Resources */ = {isa = PBXBuildFile; fileRef = C600462A1FBECD3C00D8A855 /* FZSTJW.TTF */; };
		C60047BB1FBECE0100D8A855 /* WeibeiSC-Bold.ttf in Resources */ = {isa = PBXBuildFile; fileRef = C600462B1FBECD3C00D8A855 /* WeibeiSC-Bold.ttf */; };
		C60047BC1FBECE1C00D8A855 /* Xingkai.ttc in Resources */ = {isa = PBXBuildFile; fileRef = C600462C1FBECD3C00D8A855 /* Xingkai.ttc */; };
		C60047BD1FBECE3300D8A855 /* YJBgimage10.jpg in Resources */ = {isa = PBXBuildFile; fileRef = C60046CA1FBECD7300D8A855 /* YJBgimage10.jpg */; };
		C60047BE1FBECE3300D8A855 /* YJBgimage11.jpg in Resources */ = {isa = PBXBuildFile; fileRef = C60046CB1FBECD7300D8A855 /* YJBgimage11.jpg */; };
		C60047BF1FBECE3300D8A855 /* YJBgimage17.jpg in Resources */ = {isa = PBXBuildFile; fileRef = C60046D11FBECD7300D8A855 /* YJBgimage17.jpg */; };
		C60047C01FBECE3300D8A855 /* YJBgimage18.jpg in Resources */ = {isa = PBXBuildFile; fileRef = C60046D21FBECD7300D8A855 /* YJBgimage18.jpg */; };
		C60047C11FBECE3300D8A855 /* YJBgimage7.jpg in Resources */ = {isa = PBXBuildFile; fileRef = C60046D31FBECD7300D8A855 /* YJBgimage7.jpg */; };
		C60047C21FBECE3300D8A855 /* YJBgimage9.jpg in Resources */ = {isa = PBXBuildFile; fileRef = C60046D51FBECD7300D8A855 /* YJBgimage9.jpg */; };
		C60047C31FBECE3300D8A855 /* small_YJBgimage10.jpg in Resources */ = {isa = PBXBuildFile; fileRef = C60046D81FBECD7300D8A855 /* small_YJBgimage10.jpg */; };
		C60047C41FBECE3300D8A855 /* small_YJBgimage11.jpg in Resources */ = {isa = PBXBuildFile; fileRef = C60046D91FBECD7300D8A855 /* small_YJBgimage11.jpg */; };
		C60047C51FBECE3300D8A855 /* small_YJBgimage17.jpg in Resources */ = {isa = PBXBuildFile; fileRef = C60046DF1FBECD7300D8A855 /* small_YJBgimage17.jpg */; };
		C60047C61FBECE3300D8A855 /* small_YJBgimage18.jpg in Resources */ = {isa = PBXBuildFile; fileRef = C60046E01FBECD7300D8A855 /* small_YJBgimage18.jpg */; };
		C60047C71FBECE3300D8A855 /* small_YJBgimage7.jpg in Resources */ = {isa = PBXBuildFile; fileRef = C60046E61FBECD7300D8A855 /* small_YJBgimage7.jpg */; };
		C60047C81FBECE3300D8A855 /* small_YJBgimage9.jpg in Resources */ = {isa = PBXBuildFile; fileRef = C60046E81FBECD7300D8A855 /* small_YJBgimage9.jpg */; };
		E580526C2BEBD873183A3A73 /* libPods-YueJi.a in Frameworks */ = {isa = PBXBuildFile; fileRef = A7CB660752AC80915DCE8441 /* libPods-YueJi.a */; };
/* End PBXBuildFile section */

/* Begin PBXFileReference section */
		2A43B7DE15D7AB126CA9B5C4 /* Pods-YueJi.release.xcconfig */ = {isa = PBXFileReference; includeInIndex = 1; lastKnownFileType = text.xcconfig; name = "Pods-YueJi.release.xcconfig"; path = "Pods/Target Support Files/Pods-YueJi/Pods-YueJi.release.xcconfig"; sourceTree = "<group>"; };
		430DDB8759A1C88171A816D3 /* Pods-YueJi.debug.xcconfig */ = {isa = PBXFileReference; includeInIndex = 1; lastKnownFileType = text.xcconfig; name = "Pods-YueJi.debug.xcconfig"; path = "Pods/Target Support Files/Pods-YueJi/Pods-YueJi.debug.xcconfig"; sourceTree = "<group>"; };
		A7CB660752AC80915DCE8441 /* libPods-YueJi.a */ = {isa = PBXFileReference; explicitFileType = archive.ar; includeInIndex = 0; path = "libPods-YueJi.a"; sourceTree = BUILT_PRODUCTS_DIR; };
		C60045EE1FBECA8D00D8A855 /* YueJi.app */ = {isa = PBXFileReference; explicitFileType = wrapper.application; includeInIndex = 0; path = YueJi.app; sourceTree = BUILT_PRODUCTS_DIR; };
		C60045F11FBECA8D00D8A855 /* AppDelegate.h */ = {isa = PBXFileReference; lastKnownFileType = sourcecode.c.h; path = AppDelegate.h; sourceTree = "<group>"; };
		C60045F21FBECA8D00D8A855 /* AppDelegate.m */ = {isa = PBXFileReference; lastKnownFileType = sourcecode.c.objc; path = AppDelegate.m; sourceTree = "<group>"; };
		C60045F81FBECA8D00D8A855 /* Base */ = {isa = PBXFileReference; lastKnownFileType = file.storyboard; name = Base; path = Base.lproj/Main.storyboard; sourceTree = "<group>"; };
		C60045FA1FBECA8D00D8A855 /* Assets.xcassets */ = {isa = PBXFileReference; lastKnownFileType = folder.assetcatalog; path = Assets.xcassets; sourceTree = "<group>"; };
		C60045FD1FBECA8D00D8A855 /* Base */ = {isa = PBXFileReference; lastKnownFileType = file.storyboard; name = Base; path = Base.lproj/LaunchScreen.storyboard; sourceTree = "<group>"; };
		C60045FF1FBECA8D00D8A855 /* Info.plist */ = {isa = PBXFileReference; lastKnownFileType = text.plist.xml; path = Info.plist; sourceTree = "<group>"; };
		C60046001FBECA8D00D8A855 /* main.m */ = {isa = PBXFileReference; lastKnownFileType = sourcecode.c.objc; path = main.m; sourceTree = "<group>"; };
		C60046081FBECAF200D8A855 /* DefineHeader.h */ = {isa = PBXFileReference; lastKnownFileType = sourcecode.c.h; path = DefineHeader.h; sourceTree = "<group>"; };
		C60046091FBECAF200D8A855 /* KValue.h */ = {isa = PBXFileReference; lastKnownFileType = sourcecode.c.h; path = KValue.h; sourceTree = "<group>"; };
		C600460A1FBECAF200D8A855 /* PodClassShowHowUser.h */ = {isa = PBXFileReference; lastKnownFileType = sourcecode.c.h; path = PodClassShowHowUser.h; sourceTree = "<group>"; };
		C600460B1FBECAF200D8A855 /* PrefixHeader.pch */ = {isa = PBXFileReference; lastKnownFileType = sourcecode.c.h; path = PrefixHeader.pch; sourceTree = "<group>"; };
		C600460C1FBECAF200D8A855 /* ServerHeader.h */ = {isa = PBXFileReference; lastKnownFileType = sourcecode.c.h; path = ServerHeader.h; sourceTree = "<group>"; };
		C600460D1FBECB9400D8A855 /* LocalAuthentication.framework */ = {isa = PBXFileReference; lastKnownFileType = wrapper.framework; name = LocalAuthentication.framework; path = System/Library/Frameworks/LocalAuthentication.framework; sourceTree = SDKROOT; };
		C600460F1FBECB9B00D8A855 /* MessageUI.framework */ = {isa = PBXFileReference; lastKnownFileType = wrapper.framework; name = MessageUI.framework; path = System/Library/Frameworks/MessageUI.framework; sourceTree = SDKROOT; };
		C60046111FBECBA100D8A855 /* Accelerate.framework */ = {isa = PBXFileReference; lastKnownFileType = wrapper.framework; name = Accelerate.framework; path = System/Library/Frameworks/Accelerate.framework; sourceTree = SDKROOT; };
		C60046131FBECBA800D8A855 /* libz.tbd */ = {isa = PBXFileReference; lastKnownFileType = "sourcecode.text-based-dylib-definition"; name = libz.tbd; path = usr/lib/libz.tbd; sourceTree = SDKROOT; };
		C60046151FBECBAE00D8A855 /* UIKit.framework */ = {isa = PBXFileReference; lastKnownFileType = wrapper.framework; name = UIKit.framework; path = System/Library/Frameworks/UIKit.framework; sourceTree = SDKROOT; };
		C60046171FBECBB300D8A855 /* Foundation.framework */ = {isa = PBXFileReference; lastKnownFileType = wrapper.framework; name = Foundation.framework; path = System/Library/Frameworks/Foundation.framework; sourceTree = SDKROOT; };
		C60046191FBECBB900D8A855 /* CoreGraphics.framework */ = {isa = PBXFileReference; lastKnownFileType = wrapper.framework; name = CoreGraphics.framework; path = System/Library/Frameworks/CoreGraphics.framework; sourceTree = SDKROOT; };
		C600461B1FBECBC000D8A855 /* SystemConfiguration.framework */ = {isa = PBXFileReference; lastKnownFileType = wrapper.framework; name = SystemConfiguration.framework; path = System/Library/Frameworks/SystemConfiguration.framework; sourceTree = SDKROOT; };
		C600461D1FBECBC600D8A855 /* CoreTelephony.framework */ = {isa = PBXFileReference; lastKnownFileType = wrapper.framework; name = CoreTelephony.framework; path = System/Library/Frameworks/CoreTelephony.framework; sourceTree = SDKROOT; };
		C600461F1FBECBCC00D8A855 /* CoreFoundation.framework */ = {isa = PBXFileReference; lastKnownFileType = wrapper.framework; name = CoreFoundation.framework; path = System/Library/Frameworks/CoreFoundation.framework; sourceTree = SDKROOT; };
		C60046211FBECBD300D8A855 /* CFNetwork.framework */ = {isa = PBXFileReference; lastKnownFileType = wrapper.framework; name = CFNetwork.framework; path = System/Library/Frameworks/CFNetwork.framework; sourceTree = SDKROOT; };
		C60046231FBECBD900D8A855 /* libsqlite3.tbd */ = {isa = PBXFileReference; lastKnownFileType = "sourcecode.text-based-dylib-definition"; name = libsqlite3.tbd; path = usr/lib/libsqlite3.tbd; sourceTree = SDKROOT; };
		C60046251FBECBDD00D8A855 /* Security.framework */ = {isa = PBXFileReference; lastKnownFileType = wrapper.framework; name = Security.framework; path = System/Library/Frameworks/Security.framework; sourceTree = SDKROOT; };
		C60046281FBECD3C00D8A855 /* FZQTJW.TTF */ = {isa = PBXFileReference; lastKnownFileType = file; path = FZQTJW.TTF; sourceTree = "<group>"; };
		C60046291FBECD3C00D8A855 /* FZSJSJW.TTF */ = {isa = PBXFileReference; lastKnownFileType = file; path = FZSJSJW.TTF; sourceTree = "<group>"; };
		C600462A1FBECD3C00D8A855 /* FZSTJW.TTF */ = {isa = PBXFileReference; lastKnownFileType = file; path = FZSTJW.TTF; sourceTree = "<group>"; };
		C600462B1FBECD3C00D8A855 /* WeibeiSC-Bold.ttf */ = {isa = PBXFileReference; lastKnownFileType = file; path = "WeibeiSC-Bold.ttf"; sourceTree = "<group>"; };
		C600462C1FBECD3C00D8A855 /* Xingkai.ttc */ = {isa = PBXFileReference; lastKnownFileType = file; path = Xingkai.ttc; sourceTree = "<group>"; };
		C600462E1FBECD7200D8A855 /* BaseNavigationController.h */ = {isa = PBXFileReference; lastKnownFileType = sourcecode.c.h; path = BaseNavigationController.h; sourceTree = "<group>"; };
		C600462F1FBECD7200D8A855 /* BaseNavigationController.m */ = {isa = PBXFileReference; lastKnownFileType = sourcecode.c.objc; path = BaseNavigationController.m; sourceTree = "<group>"; };
		C60046301FBECD7200D8A855 /* BaseViewController+deveceName.h */ = {isa = PBXFileReference; lastKnownFileType = sourcecode.c.h; path = "BaseViewController+deveceName.h"; sourceTree = "<group>"; };
		C60046311FBECD7200D8A855 /* BaseViewController+deveceName.m */ = {isa = PBXFileReference; lastKnownFileType = sourcecode.c.objc; path = "BaseViewController+deveceName.m"; sourceTree = "<group>"; };
		C60046321FBECD7200D8A855 /* BaseViewController+MJRefresh.h */ = {isa = PBXFileReference; lastKnownFileType = sourcecode.c.h; path = "BaseViewController+MJRefresh.h"; sourceTree = "<group>"; };
		C60046331FBECD7200D8A855 /* BaseViewController+MJRefresh.m */ = {isa = PBXFileReference; lastKnownFileType = sourcecode.c.objc; path = "BaseViewController+MJRefresh.m"; sourceTree = "<group>"; };
		C60046341FBECD7200D8A855 /* BaseViewController+navigationBar.h */ = {isa = PBXFileReference; lastKnownFileType = sourcecode.c.h; path = "BaseViewController+navigationBar.h"; sourceTree = "<group>"; };
		C60046351FBECD7200D8A855 /* BaseViewController+navigationBar.m */ = {isa = PBXFileReference; lastKnownFileType = sourcecode.c.objc; path = "BaseViewController+navigationBar.m"; sourceTree = "<group>"; };
		C60046361FBECD7200D8A855 /* BaseViewController+tapToShowImage.h */ = {isa = PBXFileReference; lastKnownFileType = sourcecode.c.h; path = "BaseViewController+tapToShowImage.h"; sourceTree = "<group>"; };
		C60046371FBECD7200D8A855 /* BaseViewController+tapToShowImage.m */ = {isa = PBXFileReference; lastKnownFileType = sourcecode.c.objc; path = "BaseViewController+tapToShowImage.m"; sourceTree = "<group>"; };
		C60046381FBECD7200D8A855 /* BaseViewController.h */ = {isa = PBXFileReference; lastKnownFileType = sourcecode.c.h; path = BaseViewController.h; sourceTree = "<group>"; };
		C60046391FBECD7200D8A855 /* BaseViewController.m */ = {isa = PBXFileReference; lastKnownFileType = sourcecode.c.objc; path = BaseViewController.m; sourceTree = "<group>"; };
		C600463B1FBECD7200D8A855 /* BaseCell.h */ = {isa = PBXFileReference; lastKnownFileType = sourcecode.c.h; path = BaseCell.h; sourceTree = "<group>"; };
		C600463C1FBECD7200D8A855 /* BaseCell.m */ = {isa = PBXFileReference; lastKnownFileType = sourcecode.c.objc; path = BaseCell.m; sourceTree = "<group>"; };
		C600463D1FBECD7200D8A855 /* BaseModel.h */ = {isa = PBXFileReference; lastKnownFileType = sourcecode.c.h; path = BaseModel.h; sourceTree = "<group>"; };
		C600463E1FBECD7200D8A855 /* BaseModel.m */ = {isa = PBXFileReference; lastKnownFileType = sourcecode.c.objc; path = BaseModel.m; sourceTree = "<group>"; };
		C600463F1FBECD7200D8A855 /* BaseView.h */ = {isa = PBXFileReference; lastKnownFileType = sourcecode.c.h; path = BaseView.h; sourceTree = "<group>"; };
		C60046401FBECD7200D8A855 /* BaseView.m */ = {isa = PBXFileReference; lastKnownFileType = sourcecode.c.objc; path = BaseView.m; sourceTree = "<group>"; };
		C60046411FBECD7200D8A855 /* YJThemeButton.h */ = {isa = PBXFileReference; lastKnownFileType = sourcecode.c.h; path = YJThemeButton.h; sourceTree = "<group>"; };
		C60046421FBECD7200D8A855 /* YJThemeButton.m */ = {isa = PBXFileReference; lastKnownFileType = sourcecode.c.objc; path = YJThemeButton.m; sourceTree = "<group>"; };
		C60046431FBECD7200D8A855 /* YJThemeImageView.h */ = {isa = PBXFileReference; lastKnownFileType = sourcecode.c.h; path = YJThemeImageView.h; sourceTree = "<group>"; };
		C60046441FBECD7200D8A855 /* YJThemeImageView.m */ = {isa = PBXFileReference; lastKnownFileType = sourcecode.c.objc; path = YJThemeImageView.m; sourceTree = "<group>"; };
		C60046451FBECD7200D8A855 /* YJThemeLabel.h */ = {isa = PBXFileReference; lastKnownFileType = sourcecode.c.h; path = YJThemeLabel.h; sourceTree = "<group>"; };
		C60046461FBECD7200D8A855 /* YJThemeLabel.m */ = {isa = PBXFileReference; lastKnownFileType = sourcecode.c.objc; path = YJThemeLabel.m; sourceTree = "<group>"; };
		C60046491FBECD7300D8A855 /* YJFontListViewController.h */ = {isa = PBXFileReference; lastKnownFileType = sourcecode.c.h; path = YJFontListViewController.h; sourceTree = "<group>"; };
		C600464A1FBECD7300D8A855 /* YJFontListViewController.m */ = {isa = PBXFileReference; lastKnownFileType = sourcecode.c.objc; path = YJFontListViewController.m; sourceTree = "<group>"; };
		C600464B1FBECD7300D8A855 /* YJFontNameViewController.h */ = {isa = PBXFileReference; lastKnownFileType = sourcecode.c.h; path = YJFontNameViewController.h; sourceTree = "<group>"; };
		C600464C1FBECD7300D8A855 /* YJFontNameViewController.m */ = {isa = PBXFileReference; lastKnownFileType = sourcecode.c.objc; path = YJFontNameViewController.m; sourceTree = "<group>"; };
		C600464D1FBECD7300D8A855 /* YJFontSettingViewController.h */ = {isa = PBXFileReference; lastKnownFileType = sourcecode.c.h; path = YJFontSettingViewController.h; sourceTree = "<group>"; };
		C600464E1FBECD7300D8A855 /* YJFontSettingViewController.m */ = {isa = PBXFileReference; lastKnownFileType = sourcecode.c.objc; path = YJFontSettingViewController.m; sourceTree = "<group>"; };
		C600464F1FBECD7300D8A855 /* YJFontSpaceHeightViewController.h */ = {isa = PBXFileReference; lastKnownFileType = sourcecode.c.h; path = YJFontSpaceHeightViewController.h; sourceTree = "<group>"; };
		C60046501FBECD7300D8A855 /* YJFontSpaceHeightViewController.m */ = {isa = PBXFileReference; lastKnownFileType = sourcecode.c.objc; path = YJFontSpaceHeightViewController.m; sourceTree = "<group>"; };
		C60046511FBECD7300D8A855 /* YJFontSpaceWidthViewController.h */ = {isa = PBXFileReference; lastKnownFileType = sourcecode.c.h; path = YJFontSpaceWidthViewController.h; sourceTree = "<group>"; };
		C60046521FBECD7300D8A855 /* YJFontSpaceWidthViewController.m */ = {isa = PBXFileReference; lastKnownFileType = sourcecode.c.objc; path = YJFontSpaceWidthViewController.m; sourceTree = "<group>"; };
		C60046551FBECD7300D8A855 /* YJHomeDownView.h */ = {isa = PBXFileReference; lastKnownFileType = sourcecode.c.h; path = YJHomeDownView.h; sourceTree = "<group>"; };
		C60046561FBECD7300D8A855 /* YJHomeDownView.m */ = {isa = PBXFileReference; lastKnownFileType = sourcecode.c.objc; path = YJHomeDownView.m; sourceTree = "<group>"; };
		C60046571FBECD7300D8A855 /* YJHomeListCell.h */ = {isa = PBXFileReference; lastKnownFileType = sourcecode.c.h; path = YJHomeListCell.h; sourceTree = "<group>"; };
		C60046581FBECD7300D8A855 /* YJHomeListCell.m */ = {isa = PBXFileReference; lastKnownFileType = sourcecode.c.objc; path = YJHomeListCell.m; sourceTree = "<group>"; };
		C60046591FBECD7300D8A855 /* YJThemeView.h */ = {isa = PBXFileReference; lastKnownFileType = sourcecode.c.h; path = YJThemeView.h; sourceTree = "<group>"; };
		C600465A1FBECD7300D8A855 /* YJThemeView.m */ = {isa = PBXFileReference; lastKnownFileType = sourcecode.c.objc; path = YJThemeView.m; sourceTree = "<group>"; };
		C600465B1FBECD7300D8A855 /* HomeViewController.h */ = {isa = PBXFileReference; lastKnownFileType = sourcecode.c.h; path = HomeViewController.h; sourceTree = "<group>"; };
		C600465C1FBECD7300D8A855 /* HomeViewController.m */ = {isa = PBXFileReference; lastKnownFileType = sourcecode.c.objc; path = HomeViewController.m; sourceTree = "<group>"; };
		C60046B21FBECD7300D8A855 /* touchIDImage@2x.png */ = {isa = PBXFileReference; lastKnownFileType = image.png; path = "touchIDImage@2x.png"; sourceTree = "<group>"; };
		C60046B31FBECD7300D8A855 /* touchIDImage@3x.png */ = {isa = PBXFileReference; lastKnownFileType = image.png; path = "touchIDImage@3x.png"; sourceTree = "<group>"; };
		C60046B41FBECD7300D8A855 /* YJHome_kuang.png */ = {isa = PBXFileReference; lastKnownFileType = image.png; path = YJHome_kuang.png; sourceTree = "<group>"; };
		C60046B61FBECD7300D8A855 /* YJNoteModel.h */ = {isa = PBXFileReference; lastKnownFileType = sourcecode.c.h; path = YJNoteModel.h; sourceTree = "<group>"; };
		C60046B71FBECD7300D8A855 /* YJNoteModel.m */ = {isa = PBXFileReference; lastKnownFileType = sourcecode.c.objc; path = YJNoteModel.m; sourceTree = "<group>"; };
		C60046B91FBECD7300D8A855 /* YJSettingViewController.h */ = {isa = PBXFileReference; lastKnownFileType = sourcecode.c.h; path = YJSettingViewController.h; sourceTree = "<group>"; };
		C60046BA1FBECD7300D8A855 /* YJSettingViewController.m */ = {isa = PBXFileReference; lastKnownFileType = sourcecode.c.objc; path = YJSettingViewController.m; sourceTree = "<group>"; };
		C60046BD1FBECD7300D8A855 /* YJActionSheet.h */ = {isa = PBXFileReference; lastKnownFileType = sourcecode.c.h; path = YJActionSheet.h; sourceTree = "<group>"; };
		C60046BE1FBECD7300D8A855 /* YJActionSheet.m */ = {isa = PBXFileReference; lastKnownFileType = sourcecode.c.objc; path = YJActionSheet.m; sourceTree = "<group>"; };
		C60046BF1FBECD7300D8A855 /* YJChangeBgImageColorView.h */ = {isa = PBXFileReference; lastKnownFileType = sourcecode.c.h; path = YJChangeBgImageColorView.h; sourceTree = "<group>"; };
		C60046C01FBECD7300D8A855 /* YJChangeBgImageColorView.m */ = {isa = PBXFileReference; lastKnownFileType = sourcecode.c.objc; path = YJChangeBgImageColorView.m; sourceTree = "<group>"; };
		C60046C31FBECD7300D8A855 /* YJBgimage1.png */ = {isa = PBXFileReference; lastKnownFileType = image.png; path = YJBgimage1.png; sourceTree = "<group>"; };
		C60046C41FBECD7300D8A855 /* YJBgimage2.png */ = {isa = PBXFileReference; lastKnownFileType = image.png; path = YJBgimage2.png; sourceTree = "<group>"; };
		C60046C51FBECD7300D8A855 /* YJBgimage3.png */ = {isa = PBXFileReference; lastKnownFileType = image.png; path = YJBgimage3.png; sourceTree = "<group>"; };
		C60046C61FBECD7300D8A855 /* YJBgimage4.png */ = {isa = PBXFileReference; lastKnownFileType = image.png; path = YJBgimage4.png; sourceTree = "<group>"; };
		C60046C71FBECD7300D8A855 /* YJBgimage5.png */ = {isa = PBXFileReference; lastKnownFileType = image.png; path = YJBgimage5.png; sourceTree = "<group>"; };
		C60046C81FBECD7300D8A855 /* YJBgimage6.png */ = {isa = PBXFileReference; lastKnownFileType = image.png; path = YJBgimage6.png; sourceTree = "<group>"; };
		C60046CA1FBECD7300D8A855 /* YJBgimage10.jpg */ = {isa = PBXFileReference; lastKnownFileType = image.jpeg; path = YJBgimage10.jpg; sourceTree = "<group>"; };
		C60046CB1FBECD7300D8A855 /* YJBgimage11.jpg */ = {isa = PBXFileReference; lastKnownFileType = image.jpeg; path = YJBgimage11.jpg; sourceTree = "<group>"; };
		C60046CC1FBECD7300D8A855 /* YJBgimage12.png */ = {isa = PBXFileReference; lastKnownFileType = image.png; path = YJBgimage12.png; sourceTree = "<group>"; };
		C60046CD1FBECD7300D8A855 /* YJBgimage13.png */ = {isa = PBXFileReference; lastKnownFileType = image.png; path = YJBgimage13.png; sourceTree = "<group>"; };
		C60046CE1FBECD7300D8A855 /* YJBgimage14.png */ = {isa = PBXFileReference; lastKnownFileType = image.png; path = YJBgimage14.png; sourceTree = "<group>"; };
		C60046CF1FBECD7300D8A855 /* YJBgimage15.png */ = {isa = PBXFileReference; lastKnownFileType = image.png; path = YJBgimage15.png; sourceTree = "<group>"; };
		C60046D01FBECD7300D8A855 /* YJBgimage16.png */ = {isa = PBXFileReference; lastKnownFileType = image.png; path = YJBgimage16.png; sourceTree = "<group>"; };
		C60046D11FBECD7300D8A855 /* YJBgimage17.jpg */ = {isa = PBXFileReference; lastKnownFileType = image.jpeg; path = YJBgimage17.jpg; sourceTree = "<group>"; };
		C60046D21FBECD7300D8A855 /* YJBgimage18.jpg */ = {isa = PBXFileReference; lastKnownFileType = image.jpeg; path = YJBgimage18.jpg; sourceTree = "<group>"; };
		C60046D31FBECD7300D8A855 /* YJBgimage7.jpg */ = {isa = PBXFileReference; lastKnownFileType = image.jpeg; path = YJBgimage7.jpg; sourceTree = "<group>"; };
		C60046D41FBECD7300D8A855 /* YJBgimage8.png */ = {isa = PBXFileReference; lastKnownFileType = image.png; path = YJBgimage8.png; sourceTree = "<group>"; };
		C60046D51FBECD7300D8A855 /* YJBgimage9.jpg */ = {isa = PBXFileReference; lastKnownFileType = image.jpeg; path = YJBgimage9.jpg; sourceTree = "<group>"; };
		C60046D71FBECD7300D8A855 /* small_YJBgimage1.png */ = {isa = PBXFileReference; lastKnownFileType = image.png; path = small_YJBgimage1.png; sourceTree = "<group>"; };
		C60046D81FBECD7300D8A855 /* small_YJBgimage10.jpg */ = {isa = PBXFileReference; lastKnownFileType = image.jpeg; path = small_YJBgimage10.jpg; sourceTree = "<group>"; };
		C60046D91FBECD7300D8A855 /* small_YJBgimage11.jpg */ = {isa = PBXFileReference; lastKnownFileType = image.jpeg; path = small_YJBgimage11.jpg; sourceTree = "<group>"; };
		C60046DA1FBECD7300D8A855 /* small_YJBgimage12.png */ = {isa = PBXFileReference; lastKnownFileType = image.png; path = small_YJBgimage12.png; sourceTree = "<group>"; };
		C60046DB1FBECD7300D8A855 /* small_YJBgimage13.png */ = {isa = PBXFileReference; lastKnownFileType = image.png; path = small_YJBgimage13.png; sourceTree = "<group>"; };
		C60046DC1FBECD7300D8A855 /* small_YJBgimage14.png */ = {isa = PBXFileReference; lastKnownFileType = image.png; path = small_YJBgimage14.png; sourceTree = "<group>"; };
		C60046DD1FBECD7300D8A855 /* small_YJBgimage15.png */ = {isa = PBXFileReference; lastKnownFileType = image.png; path = small_YJBgimage15.png; sourceTree = "<group>"; };
		C60046DE1FBECD7300D8A855 /* small_YJBgimage16.png */ = {isa = PBXFileReference; lastKnownFileType = image.png; path = small_YJBgimage16.png; sourceTree = "<group>"; };
		C60046DF1FBECD7300D8A855 /* small_YJBgimage17.jpg */ = {isa = PBXFileReference; lastKnownFileType = image.jpeg; path = small_YJBgimage17.jpg; sourceTree = "<group>"; };
		C60046E01FBECD7300D8A855 /* small_YJBgimage18.jpg */ = {isa = PBXFileReference; lastKnownFileType = image.jpeg; path = small_YJBgimage18.jpg; sourceTree = "<group>"; };
		C60046E11FBECD7300D8A855 /* small_YJBgimage2.png */ = {isa = PBXFileReference; lastKnownFileType = image.png; path = small_YJBgimage2.png; sourceTree = "<group>"; };
		C60046E21FBECD7300D8A855 /* small_YJBgimage3.png */ = {isa = PBXFileReference; lastKnownFileType = image.png; path = small_YJBgimage3.png; sourceTree = "<group>"; };
		C60046E31FBECD7300D8A855 /* small_YJBgimage4.png */ = {isa = PBXFileReference; lastKnownFileType = image.png; path = small_YJBgimage4.png; sourceTree = "<group>"; };
		C60046E41FBECD7300D8A855 /* small_YJBgimage5.png */ = {isa = PBXFileReference; lastKnownFileType = image.png; path = small_YJBgimage5.png; sourceTree = "<group>"; };
		C60046E51FBECD7300D8A855 /* small_YJBgimage6.png */ = {isa = PBXFileReference; lastKnownFileType = image.png; path = small_YJBgimage6.png; sourceTree = "<group>"; };
		C60046E61FBECD7300D8A855 /* small_YJBgimage7.jpg */ = {isa = PBXFileReference; lastKnownFileType = image.jpeg; path = small_YJBgimage7.jpg; sourceTree = "<group>"; };
		C60046E71FBECD7300D8A855 /* small_YJBgimage8.png */ = {isa = PBXFileReference; lastKnownFileType = image.png; path = small_YJBgimage8.png; sourceTree = "<group>"; };
		C60046E81FBECD7300D8A855 /* small_YJBgimage9.jpg */ = {isa = PBXFileReference; lastKnownFileType = image.jpeg; path = small_YJBgimage9.jpg; sourceTree = "<group>"; };
		C60046E91FBECD7300D8A855 /* YJWritebgcolor@2x.png */ = {isa = PBXFileReference; lastKnownFileType = image.png; path = "YJWritebgcolor@2x.png"; sourceTree = "<group>"; };
		C60046EA1FBECD7300D8A855 /* YJWritebgcolor@3x.png */ = {isa = PBXFileReference; lastKnownFileType = image.png; path = "YJWritebgcolor@3x.png"; sourceTree = "<group>"; };
		C60046EB1FBECD7400D8A855 /* YJWritebgimage@2x.png */ = {isa = PBXFileReference; lastKnownFileType = image.png; path = "YJWritebgimage@2x.png"; sourceTree = "<group>"; };
		C60046EC1FBECD7400D8A855 /* YJWritebgimage@3x.png */ = {isa = PBXFileReference; lastKnownFileType = image.png; path = "YJWritebgimage@3x.png"; sourceTree = "<group>"; };
		C60046ED1FBECD7400D8A855 /* YJWriteColse@2x.png */ = {isa = PBXFileReference; lastKnownFileType = image.png; path = "YJWriteColse@2x.png"; sourceTree = "<group>"; };
		C60046EE1FBECD7400D8A855 /* YJWriteColse@3x.png */ = {isa = PBXFileReference; lastKnownFileType = image.png; path = "YJWriteColse@3x.png"; sourceTree = "<group>"; };
		C60046EF1FBECD7400D8A855 /* YJWritekeyboarddown@2x.png */ = {isa = PBXFileReference; lastKnownFileType = image.png; path = "YJWritekeyboarddown@2x.png"; sourceTree = "<group>"; };
		C60046F01FBECD7400D8A855 /* YJWritekeyboarddown@3x.png */ = {isa = PBXFileReference; lastKnownFileType = image.png; path = "YJWritekeyboarddown@3x.png"; sourceTree = "<group>"; };
		C60046F11FBECD7400D8A855 /* YJWritekeyboardup@2x.png */ = {isa = PBXFileReference; lastKnownFileType = image.png; path = "YJWritekeyboardup@2x.png"; sourceTree = "<group>"; };
		C60046F21FBECD7400D8A855 /* YJWritekeyboardup@3x.png */ = {isa = PBXFileReference; lastKnownFileType = image.png; path = "YJWritekeyboardup@3x.png"; sourceTree = "<group>"; };
		C60046F31FBECD7400D8A855 /* YJWriteLocation@2x.png */ = {isa = PBXFileReference; lastKnownFileType = image.png; path = "YJWriteLocation@2x.png"; sourceTree = "<group>"; };
		C60046F41FBECD7400D8A855 /* YJWriteLocation@3x.png */ = {isa = PBXFileReference; lastKnownFileType = image.png; path = "YJWriteLocation@3x.png"; sourceTree = "<group>"; };
		C60046F51FBECD7400D8A855 /* YJWriteSelect@2x.png */ = {isa = PBXFileReference; lastKnownFileType = image.png; path = "YJWriteSelect@2x.png"; sourceTree = "<group>"; };
		C60046F61FBECD7400D8A855 /* YJWriteSelect@3x.png */ = {isa = PBXFileReference; lastKnownFileType = image.png; path = "YJWriteSelect@3x.png"; sourceTree = "<group>"; };
		C60046F71FBECD7400D8A855 /* YJWriteViewController.h */ = {isa = PBXFileReference; lastKnownFileType = sourcecode.c.h; path = YJWriteViewController.h; sourceTree = "<group>"; };
		C60046F81FBECD7400D8A855 /* YJWriteViewController.m */ = {isa = PBXFileReference; lastKnownFileType = sourcecode.c.objc; path = YJWriteViewController.m; sourceTree = "<group>"; };
		C60046FB1FBECD7400D8A855 /* NSString+StringCateGory.h */ = {isa = PBXFileReference; lastKnownFileType = sourcecode.c.h; path = "NSString+StringCateGory.h"; sourceTree = "<group>"; };
		C60046FC1FBECD7400D8A855 /* NSString+StringCateGory.m */ = {isa = PBXFileReference; lastKnownFileType = sourcecode.c.objc; path = "NSString+StringCateGory.m"; sourceTree = "<group>"; };
		C60046FD1FBECD7400D8A855 /* NSString+Valid.h */ = {isa = PBXFileReference; lastKnownFileType = sourcecode.c.h; path = "NSString+Valid.h"; sourceTree = "<group>"; };
		C60046FE1FBECD7400D8A855 /* NSString+Valid.m */ = {isa = PBXFileReference; lastKnownFileType = sourcecode.c.objc; path = "NSString+Valid.m"; sourceTree = "<group>"; };
		C60046FF1FBECD7400D8A855 /* UIImage+Blur.h */ = {isa = PBXFileReference; lastKnownFileType = sourcecode.c.h; path = "UIImage+Blur.h"; sourceTree = "<group>"; };
		C60047001FBECD7400D8A855 /* UIImage+Blur.m */ = {isa = PBXFileReference; lastKnownFileType = sourcecode.c.objc; path = "UIImage+Blur.m"; sourceTree = "<group>"; };
		C60047011FBECD7400D8A855 /* UIView+getFrame.h */ = {isa = PBXFileReference; lastKnownFileType = sourcecode.c.h; path = "UIView+getFrame.h"; sourceTree = "<group>"; };
		C60047021FBECD7400D8A855 /* UIView+getFrame.m */ = {isa = PBXFileReference; lastKnownFileType = sourcecode.c.objc; path = "UIView+getFrame.m"; sourceTree = "<group>"; };
		C60047051FBECD7400D8A855 /* DeviceUUID.h */ = {isa = PBXFileReference; lastKnownFileType = sourcecode.c.h; path = DeviceUUID.h; sourceTree = "<group>"; };
		C60047061FBECD7400D8A855 /* DeviceUUID.m */ = {isa = PBXFileReference; lastKnownFileType = sourcecode.c.objc; path = DeviceUUID.m; sourceTree = "<group>"; };
		C60047071FBECD7400D8A855 /* KeychainItemWrapper.h */ = {isa = PBXFileReference; lastKnownFileType = sourcecode.c.h; path = KeychainItemWrapper.h; sourceTree = "<group>"; };
		C60047081FBECD7400D8A855 /* KeychainItemWrapper.m */ = {isa = PBXFileReference; lastKnownFileType = sourcecode.c.objc; path = KeychainItemWrapper.m; sourceTree = "<group>"; };
		C600470B1FBECD7400D8A855 /* Emoji.h */ = {isa = PBXFileReference; lastKnownFileType = sourcecode.c.h; path = Emoji.h; sourceTree = "<group>"; };
		C600470C1FBECD7400D8A855 /* Emoji.m */ = {isa = PBXFileReference; lastKnownFileType = sourcecode.c.objc; path = Emoji.m; sourceTree = "<group>"; };
		C600470D1FBECD7400D8A855 /* EmojiEmoticons.h */ = {isa = PBXFileReference; lastKnownFileType = sourcecode.c.h; path = EmojiEmoticons.h; sourceTree = "<group>"; };
		C600470E1FBECD7400D8A855 /* EmojiEmoticons.m */ = {isa = PBXFileReference; lastKnownFileType = sourcecode.c.objc; path = EmojiEmoticons.m; sourceTree = "<group>"; };
		C600470F1FBECD7400D8A855 /* EmojiMapSymbols.h */ = {isa = PBXFileReference; lastKnownFileType = sourcecode.c.h; path = EmojiMapSymbols.h; sourceTree = "<group>"; };
		C60047101FBECD7400D8A855 /* EmojiMapSymbols.m */ = {isa = PBXFileReference; lastKnownFileType = sourcecode.c.objc; path = EmojiMapSymbols.m; sourceTree = "<group>"; };
		C60047111FBECD7400D8A855 /* EmojiPictographs.h */ = {isa = PBXFileReference; lastKnownFileType = sourcecode.c.h; path = EmojiPictographs.h; sourceTree = "<group>"; };
		C60047121FBECD7400D8A855 /* EmojiPictographs.m */ = {isa = PBXFileReference; lastKnownFileType = sourcecode.c.objc; path = EmojiPictographs.m; sourceTree = "<group>"; };
		C60047131FBECD7400D8A855 /* EmojiTransport.h */ = {isa = PBXFileReference; lastKnownFileType = sourcecode.c.h; path = EmojiTransport.h; sourceTree = "<group>"; };
		C60047141FBECD7400D8A855 /* EmojiTransport.m */ = {isa = PBXFileReference; lastKnownFileType = sourcecode.c.objc; path = EmojiTransport.m; sourceTree = "<group>"; };
		C60047151FBECD7400D8A855 /* MWDEmojiView.h */ = {isa = PBXFileReference; lastKnownFileType = sourcecode.c.h; path = MWDEmojiView.h; sourceTree = "<group>"; };
		C60047161FBECD7400D8A855 /* MWDEmojiView.m */ = {isa = PBXFileReference; lastKnownFileType = sourcecode.c.objc; path = MWDEmojiView.m; sourceTree = "<group>"; };
		C60047181FBECD7400D8A855 /* FileManager.h */ = {isa = PBXFileReference; lastKnownFileType = sourcecode.c.h; path = FileManager.h; sourceTree = "<group>"; };
		C60047191FBECD7400D8A855 /* FileManager.m */ = {isa = PBXFileReference; lastKnownFileType = sourcecode.c.objc; path = FileManager.m; sourceTree = "<group>"; };
		C600471B1FBECD7400D8A855 /* FMDBManager.h */ = {isa = PBXFileReference; lastKnownFileType = sourcecode.c.h; path = FMDBManager.h; sourceTree = "<group>"; };
		C600471C1FBECD7400D8A855 /* FMDBManager.m */ = {isa = PBXFileReference; lastKnownFileType = sourcecode.c.objc; path = FMDBManager.m; sourceTree = "<group>"; };
		C600471E1FBECD7400D8A855 /* FXBlurView.h */ = {isa = PBXFileReference; lastKnownFileType = sourcecode.c.h; path = FXBlurView.h; sourceTree = "<group>"; };
		C600471F1FBECD7400D8A855 /* FXBlurView.m */ = {isa = PBXFileReference; lastKnownFileType = sourcecode.c.objc; path = FXBlurView.m; sourceTree = "<group>"; };
		C60047211FBECD7400D8A855 /* AFHTTPClickManager.h */ = {isa = PBXFileReference; lastKnownFileType = sourcecode.c.h; path = AFHTTPClickManager.h; sourceTree = "<group>"; };
		C60047221FBECD7400D8A855 /* AFHTTPClickManager.m */ = {isa = PBXFileReference; lastKnownFileType = sourcecode.c.objc; path = AFHTTPClickManager.m; sourceTree = "<group>"; };
		C60047241FBECD7400D8A855 /* JSONKit.h */ = {isa = PBXFileReference; lastKnownFileType = sourcecode.c.h; path = JSONKit.h; sourceTree = "<group>"; };
		C60047251FBECD7400D8A855 /* JSONKit.m */ = {isa = PBXFileReference; lastKnownFileType = sourcecode.c.objc; path = JSONKit.m; sourceTree = "<group>"; };
		C60047271FBECD7400D8A855 /* LocationManager.h */ = {isa = PBXFileReference; lastKnownFileType = sourcecode.c.h; path = LocationManager.h; sourceTree = "<group>"; };
		C60047281FBECD7400D8A855 /* LocationManager.m */ = {isa = PBXFileReference; lastKnownFileType = sourcecode.c.objc; path = LocationManager.m; sourceTree = "<group>"; };
		C600472A1FBECD7400D8A855 /* YJPasswordView.h */ = {isa = PBXFileReference; lastKnownFileType = sourcecode.c.h; path = YJPasswordView.h; sourceTree = "<group>"; };
		C600472B1FBECD7400D8A855 /* YJPasswordView.m */ = {isa = PBXFileReference; lastKnownFileType = sourcecode.c.objc; path = YJPasswordView.m; sourceTree = "<group>"; };
		C600472D1FBECD7400D8A855 /* CHJProgressHUB.h */ = {isa = PBXFileReference; lastKnownFileType = sourcecode.c.h; path = CHJProgressHUB.h; sourceTree = "<group>"; };
		C600472E1FBECD7400D8A855 /* CHJProgressHUB.m */ = {isa = PBXFileReference; lastKnownFileType = sourcecode.c.objc; path = CHJProgressHUB.m; sourceTree = "<group>"; };
		C60047301FBECD7400D8A855 /* Constants.h */ = {isa = PBXFileReference; lastKnownFileType = sourcecode.c.h; path = Constants.h; sourceTree = "<group>"; };
		C60047311FBECD7400D8A855 /* NSMutableArray+SWUtilityButtons.h */ = {isa = PBXFileReference; lastKnownFileType = sourcecode.c.h; path = "NSMutableArray+SWUtilityButtons.h"; sourceTree = "<group>"; };
		C60047321FBECD7400D8A855 /* NSMutableArray+SWUtilityButtons.m */ = {isa = PBXFileReference; lastKnownFileType = sourcecode.c.objc; path = "NSMutableArray+SWUtilityButtons.m"; sourceTree = "<group>"; };
		C60047331FBECD7400D8A855 /* SWCellScrollView.h */ = {isa = PBXFileReference; lastKnownFileType = sourcecode.c.h; path = SWCellScrollView.h; sourceTree = "<group>"; };
		C60047341FBECD7400D8A855 /* SWCellScrollView.m */ = {isa = PBXFileReference; lastKnownFileType = sourcecode.c.objc; path = SWCellScrollView.m; sourceTree = "<group>"; };
		C60047351FBECD7400D8A855 /* SWLongPressGestureRecognizer.h */ = {isa = PBXFileReference; lastKnownFileType = sourcecode.c.h; path = SWLongPressGestureRecognizer.h; sourceTree = "<group>"; };
		C60047361FBECD7400D8A855 /* SWLongPressGestureRecognizer.m */ = {isa = PBXFileReference; lastKnownFileType = sourcecode.c.objc; path = SWLongPressGestureRecognizer.m; sourceTree = "<group>"; };
		C60047371FBECD7400D8A855 /* SWTableViewCell.h */ = {isa = PBXFileReference; lastKnownFileType = sourcecode.c.h; path = SWTableViewCell.h; sourceTree = "<group>"; };
		C60047381FBECD7400D8A855 /* SWTableViewCell.m */ = {isa = PBXFileReference; lastKnownFileType = sourcecode.c.objc; path = SWTableViewCell.m; sourceTree = "<group>"; };
		C60047391FBECD7400D8A855 /* SWUtilityButtonTapGestureRecognizer.h */ = {isa = PBXFileReference; lastKnownFileType = sourcecode.c.h; path = SWUtilityButtonTapGestureRecognizer.h; sourceTree = "<group>"; };
		C600473A1FBECD7400D8A855 /* SWUtilityButtonTapGestureRecognizer.m */ = {isa = PBXFileReference; lastKnownFileType = sourcecode.c.objc; path = SWUtilityButtonTapGestureRecognizer.m; sourceTree = "<group>"; };
		C600473B1FBECD7400D8A855 /* SWUtilityButtonView.h */ = {isa = PBXFileReference; lastKnownFileType = sourcecode.c.h; path = SWUtilityButtonView.h; sourceTree = "<group>"; };
		C600473C1FBECD7400D8A855 /* SWUtilityButtonView.m */ = {isa = PBXFileReference; lastKnownFileType = sourcecode.c.objc; path = SWUtilityButtonView.m; sourceTree = "<group>"; };
		C600473E1FBECD7400D8A855 /* SystemCache.h */ = {isa = PBXFileReference; lastKnownFileType = sourcecode.c.h; path = SystemCache.h; sourceTree = "<group>"; };
		C600473F1FBECD7400D8A855 /* SystemCache.m */ = {isa = PBXFileReference; lastKnownFileType = sourcecode.c.objc; path = SystemCache.m; sourceTree = "<group>"; };
		C60047401FBECD7400D8A855 /* SystemConfig.h */ = {isa = PBXFileReference; lastKnownFileType = sourcecode.c.h; path = SystemConfig.h; sourceTree = "<group>"; };
		C60047421FBECD7400D8A855 /* VVBlurPresentationController.h */ = {isa = PBXFileReference; lastKnownFileType = sourcecode.c.h; path = VVBlurPresentationController.h; sourceTree = "<group>"; };
		C60047431FBECD7400D8A855 /* VVBlurPresentationController.m */ = {isa = PBXFileReference; lastKnownFileType = sourcecode.c.objc; path = VVBlurPresentationController.m; sourceTree = "<group>"; };
		C60047441FBECD7400D8A855 /* VVBlurPresenter.h */ = {isa = PBXFileReference; lastKnownFileType = sourcecode.c.h; path = VVBlurPresenter.h; sourceTree = "<group>"; };
		C60047451FBECD7400D8A855 /* VVBlurPresenter.m */ = {isa = PBXFileReference; lastKnownFileType = sourcecode.c.objc; path = VVBlurPresenter.m; sourceTree = "<group>"; };
		C60047461FBECD7400D8A855 /* VVBlurTransitioning.h */ = {isa = PBXFileReference; lastKnownFileType = sourcecode.c.h; path = VVBlurTransitioning.h; sourceTree = "<group>"; };
		C60047471FBECD7400D8A855 /* VVBlurTransitioning.m */ = {isa = PBXFileReference; lastKnownFileType = sourcecode.c.objc; path = VVBlurTransitioning.m; sourceTree = "<group>"; };
		C60047481FBECD7400D8A855 /* VVBlurViewController.h */ = {isa = PBXFileReference; lastKnownFileType = sourcecode.c.h; path = VVBlurViewController.h; sourceTree = "<group>"; };
		C60047491FBECD7400D8A855 /* VVBlurViewController.m */ = {isa = PBXFileReference; lastKnownFileType = sourcecode.c.objc; path = VVBlurViewController.m; sourceTree = "<group>"; };
		C600474A1FBECD9200D8A855 /* theme2 */ = {isa = PBXFileReference; lastKnownFileType = folder; path = theme2; sourceTree = "<group>"; };
		C600474B1FBECD9200D8A855 /* theme4 */ = {isa = PBXFileReference; lastKnownFileType = folder; path = theme4; sourceTree = "<group>"; };
		C600474C1FBECD9200D8A855 /* theme1 */ = {isa = PBXFileReference; lastKnownFileType = folder; path = theme1; sourceTree = "<group>"; };
		C600474D1FBECD9200D8A855 /* theme5 */ = {isa = PBXFileReference; lastKnownFileType = folder; path = theme5; sourceTree = "<group>"; };
		C600474E1FBECD9200D8A855 /* theme6 */ = {isa = PBXFileReference; lastKnownFileType = folder; path = theme6; sourceTree = "<group>"; };
		C600474F1FBECD9200D8A855 /* theme3 */ = {isa = PBXFileReference; lastKnownFileType = folder; path = theme3; sourceTree = "<group>"; };
/* End PBXFileReference section */

/* Begin PBXFrameworksBuildPhase section */
		C60045EB1FBECA8D00D8A855 /* Frameworks */ = {
			isa = PBXFrameworksBuildPhase;
			buildActionMask = 2147483647;
			files = (
				C60046261FBECBDD00D8A855 /* Security.framework in Frameworks */,
				C60046241FBECBD900D8A855 /* libsqlite3.tbd in Frameworks */,
				C60046221FBECBD300D8A855 /* CFNetwork.framework in Frameworks */,
				C60046201FBECBCD00D8A855 /* CoreFoundation.framework in Frameworks */,
				C600461E1FBECBC600D8A855 /* CoreTelephony.framework in Frameworks */,
				C600461C1FBECBC000D8A855 /* SystemConfiguration.framework in Frameworks */,
				C600461A1FBECBB900D8A855 /* CoreGraphics.framework in Frameworks */,
				C60046181FBECBB300D8A855 /* Foundation.framework in Frameworks */,
				C60046161FBECBAE00D8A855 /* UIKit.framework in Frameworks */,
				C60046141FBECBA800D8A855 /* libz.tbd in Frameworks */,
				C60046121FBECBA100D8A855 /* Accelerate.framework in Frameworks */,
				C60046101FBECB9B00D8A855 /* MessageUI.framework in Frameworks */,
				C600460E1FBECB9400D8A855 /* LocalAuthentication.framework in Frameworks */,
				E580526C2BEBD873183A3A73 /* libPods-YueJi.a in Frameworks */,
			);
			runOnlyForDeploymentPostprocessing = 0;
		};
/* End PBXFrameworksBuildPhase section */

/* Begin PBXGroup section */
		2472276CAE3B734E0C791836 /* Frameworks */ = {
			isa = PBXGroup;
			children = (
				C60046251FBECBDD00D8A855 /* Security.framework */,
				C60046231FBECBD900D8A855 /* libsqlite3.tbd */,
				C60046211FBECBD300D8A855 /* CFNetwork.framework */,
				C600461F1FBECBCC00D8A855 /* CoreFoundation.framework */,
				C600461D1FBECBC600D8A855 /* CoreTelephony.framework */,
				C600461B1FBECBC000D8A855 /* SystemConfiguration.framework */,
				C60046191FBECBB900D8A855 /* CoreGraphics.framework */,
				C60046171FBECBB300D8A855 /* Foundation.framework */,
				C60046151FBECBAE00D8A855 /* UIKit.framework */,
				C60046131FBECBA800D8A855 /* libz.tbd */,
				C60046111FBECBA100D8A855 /* Accelerate.framework */,
				C600460F1FBECB9B00D8A855 /* MessageUI.framework */,
				C600460D1FBECB9400D8A855 /* LocalAuthentication.framework */,
				A7CB660752AC80915DCE8441 /* libPods-YueJi.a */,
			);
			name = Frameworks;
			sourceTree = "<group>";
		};
		C47A27636C2E11F668873CB1 /* Pods */ = {
			isa = PBXGroup;
			children = (
				430DDB8759A1C88171A816D3 /* Pods-YueJi.debug.xcconfig */,
				2A43B7DE15D7AB126CA9B5C4 /* Pods-YueJi.release.xcconfig */,
			);
			name = Pods;
			sourceTree = "<group>";
		};
		C60045E51FBECA8D00D8A855 = {
			isa = PBXGroup;
			children = (
				C600462D1FBECD7200D8A855 /* BaseViewControllers */,
				C600463A1FBECD7200D8A855 /* BaseViews */,
				C60046471FBECD7300D8A855 /* Controllers */,
				C60046F91FBECD7400D8A855 /* UIKit */,
				C60046271FBECD3C00D8A855 /* font */,
				C60046071FBECAF200D8A855 /* constValue */,
				C60045F01FBECA8D00D8A855 /* YueJi */,
				C60045EF1FBECA8D00D8A855 /* Products */,
				C47A27636C2E11F668873CB1 /* Pods */,
				2472276CAE3B734E0C791836 /* Frameworks */,
			);
			sourceTree = "<group>";
		};
		C60045EF1FBECA8D00D8A855 /* Products */ = {
			isa = PBXGroup;
			children = (
				C60045EE1FBECA8D00D8A855 /* YueJi.app */,
			);
			name = Products;
			sourceTree = "<group>";
		};
		C60045F01FBECA8D00D8A855 /* YueJi */ = {
			isa = PBXGroup;
			children = (
				C60045F11FBECA8D00D8A855 /* AppDelegate.h */,
				C60045F21FBECA8D00D8A855 /* AppDelegate.m */,
				C60045F71FBECA8D00D8A855 /* Main.storyboard */,
				C60045FA1FBECA8D00D8A855 /* Assets.xcassets */,
				C60045FC1FBECA8D00D8A855 /* LaunchScreen.storyboard */,
				C60045FF1FBECA8D00D8A855 /* Info.plist */,
				C60046001FBECA8D00D8A855 /* main.m */,
			);
			path = YueJi;
			sourceTree = "<group>";
		};
		C60046071FBECAF200D8A855 /* constValue */ = {
			isa = PBXGroup;
			children = (
				C60046081FBECAF200D8A855 /* DefineHeader.h */,
				C60046091FBECAF200D8A855 /* KValue.h */,
				C600460A1FBECAF200D8A855 /* PodClassShowHowUser.h */,
				C600460B1FBECAF200D8A855 /* PrefixHeader.pch */,
				C600460C1FBECAF200D8A855 /* ServerHeader.h */,
			);
			path = constValue;
			sourceTree = "<group>";
		};
		C60046271FBECD3C00D8A855 /* font */ = {
			isa = PBXGroup;
			children = (
				C60046281FBECD3C00D8A855 /* FZQTJW.TTF */,
				C60046291FBECD3C00D8A855 /* FZSJSJW.TTF */,
				C600462A1FBECD3C00D8A855 /* FZSTJW.TTF */,
				C600462B1FBECD3C00D8A855 /* WeibeiSC-Bold.ttf */,
				C600462C1FBECD3C00D8A855 /* Xingkai.ttc */,
			);
			path = font;
			sourceTree = "<group>";
		};
		C600462D1FBECD7200D8A855 /* BaseViewControllers */ = {
			isa = PBXGroup;
			children = (
				C600462E1FBECD7200D8A855 /* BaseNavigationController.h */,
				C600462F1FBECD7200D8A855 /* BaseNavigationController.m */,
				C60046301FBECD7200D8A855 /* BaseViewController+deveceName.h */,
				C60046311FBECD7200D8A855 /* BaseViewController+deveceName.m */,
				C60046321FBECD7200D8A855 /* BaseViewController+MJRefresh.h */,
				C60046331FBECD7200D8A855 /* BaseViewController+MJRefresh.m */,
				C60046341FBECD7200D8A855 /* BaseViewController+navigationBar.h */,
				C60046351FBECD7200D8A855 /* BaseViewController+navigationBar.m */,
				C60046361FBECD7200D8A855 /* BaseViewController+tapToShowImage.h */,
				C60046371FBECD7200D8A855 /* BaseViewController+tapToShowImage.m */,
				C60046381FBECD7200D8A855 /* BaseViewController.h */,
				C60046391FBECD7200D8A855 /* BaseViewController.m */,
			);
			path = BaseViewControllers;
			sourceTree = "<group>";
		};
		C600463A1FBECD7200D8A855 /* BaseViews */ = {
			isa = PBXGroup;
			children = (
				C600463B1FBECD7200D8A855 /* BaseCell.h */,
				C600463C1FBECD7200D8A855 /* BaseCell.m */,
				C600463D1FBECD7200D8A855 /* BaseModel.h */,
				C600463E1FBECD7200D8A855 /* BaseModel.m */,
				C600463F1FBECD7200D8A855 /* BaseView.h */,
				C60046401FBECD7200D8A855 /* BaseView.m */,
				C60046411FBECD7200D8A855 /* YJThemeButton.h */,
				C60046421FBECD7200D8A855 /* YJThemeButton.m */,
				C60046431FBECD7200D8A855 /* YJThemeImageView.h */,
				C60046441FBECD7200D8A855 /* YJThemeImageView.m */,
				C60046451FBECD7200D8A855 /* YJThemeLabel.h */,
				C60046461FBECD7200D8A855 /* YJThemeLabel.m */,
			);
			path = BaseViews;
			sourceTree = "<group>";
		};
		C60046471FBECD7300D8A855 /* Controllers */ = {
			isa = PBXGroup;
			children = (
				C60046481FBECD7300D8A855 /* FontSettingViewController */,
				C60046531FBECD7300D8A855 /* HomeViewController */,
				C60046B81FBECD7300D8A855 /* SettingViewController */,
				C60046BB1FBECD7300D8A855 /* WriteViewController */,
			);
			path = Controllers;
			sourceTree = "<group>";
		};
		C60046481FBECD7300D8A855 /* FontSettingViewController */ = {
			isa = PBXGroup;
			children = (
				C60046491FBECD7300D8A855 /* YJFontListViewController.h */,
				C600464A1FBECD7300D8A855 /* YJFontListViewController.m */,
				C600464B1FBECD7300D8A855 /* YJFontNameViewController.h */,
				C600464C1FBECD7300D8A855 /* YJFontNameViewController.m */,
				C600464D1FBECD7300D8A855 /* YJFontSettingViewController.h */,
				C600464E1FBECD7300D8A855 /* YJFontSettingViewController.m */,
				C600464F1FBECD7300D8A855 /* YJFontSpaceHeightViewController.h */,
				C60046501FBECD7300D8A855 /* YJFontSpaceHeightViewController.m */,
				C60046511FBECD7300D8A855 /* YJFontSpaceWidthViewController.h */,
				C60046521FBECD7300D8A855 /* YJFontSpaceWidthViewController.m */,
			);
			path = FontSettingViewController;
			sourceTree = "<group>";
		};
		C60046531FBECD7300D8A855 /* HomeViewController */ = {
			isa = PBXGroup;
			children = (
				C60046541FBECD7300D8A855 /* customViews */,
				C600465B1FBECD7300D8A855 /* HomeViewController.h */,
				C600465C1FBECD7300D8A855 /* HomeViewController.m */,
				C600465D1FBECD7300D8A855 /* imageSources */,
				C60046B51FBECD7300D8A855 /* models */,
			);
			path = HomeViewController;
			sourceTree = "<group>";
		};
		C60046541FBECD7300D8A855 /* customViews */ = {
			isa = PBXGroup;
			children = (
				C60046551FBECD7300D8A855 /* YJHomeDownView.h */,
				C60046561FBECD7300D8A855 /* YJHomeDownView.m */,
				C60046571FBECD7300D8A855 /* YJHomeListCell.h */,
				C60046581FBECD7300D8A855 /* YJHomeListCell.m */,
				C60046591FBECD7300D8A855 /* YJThemeView.h */,
				C600465A1FBECD7300D8A855 /* YJThemeView.m */,
			);
			path = customViews;
			sourceTree = "<group>";
		};
		C600465D1FBECD7300D8A855 /* imageSources */ = {
			isa = PBXGroup;
			children = (
				C600474C1FBECD9200D8A855 /* theme1 */,
				C600474A1FBECD9200D8A855 /* theme2 */,
				C600474F1FBECD9200D8A855 /* theme3 */,
				C600474B1FBECD9200D8A855 /* theme4 */,
				C600474D1FBECD9200D8A855 /* theme5 */,
				C600474E1FBECD9200D8A855 /* theme6 */,
				C60046B21FBECD7300D8A855 /* touchIDImage@2x.png */,
				C60046B31FBECD7300D8A855 /* touchIDImage@3x.png */,
				C60046B41FBECD7300D8A855 /* YJHome_kuang.png */,
			);
			path = imageSources;
			sourceTree = "<group>";
		};
		C60046B51FBECD7300D8A855 /* models */ = {
			isa = PBXGroup;
			children = (
				C60046B61FBECD7300D8A855 /* YJNoteModel.h */,
				C60046B71FBECD7300D8A855 /* YJNoteModel.m */,
			);
			path = models;
			sourceTree = "<group>";
		};
		C60046B81FBECD7300D8A855 /* SettingViewController */ = {
			isa = PBXGroup;
			children = (
				C60046B91FBECD7300D8A855 /* YJSettingViewController.h */,
				C60046BA1FBECD7300D8A855 /* YJSettingViewController.m */,
			);
			path = SettingViewController;
			sourceTree = "<group>";
		};
		C60046BB1FBECD7300D8A855 /* WriteViewController */ = {
			isa = PBXGroup;
			children = (
				C60046BC1FBECD7300D8A855 /* customViews */,
				C60046C11FBECD7300D8A855 /* imageSources */,
				C60046F71FBECD7400D8A855 /* YJWriteViewController.h */,
				C60046F81FBECD7400D8A855 /* YJWriteViewController.m */,
			);
			path = WriteViewController;
			sourceTree = "<group>";
		};
		C60046BC1FBECD7300D8A855 /* customViews */ = {
			isa = PBXGroup;
			children = (
				C60046BD1FBECD7300D8A855 /* YJActionSheet.h */,
				C60046BE1FBECD7300D8A855 /* YJActionSheet.m */,
				C60046BF1FBECD7300D8A855 /* YJChangeBgImageColorView.h */,
				C60046C01FBECD7300D8A855 /* YJChangeBgImageColorView.m */,
			);
			path = customViews;
			sourceTree = "<group>";
		};
		C60046C11FBECD7300D8A855 /* imageSources */ = {
			isa = PBXGroup;
			children = (
				C60046C21FBECD7300D8A855 /* bgColors */,
				C60046C91FBECD7300D8A855 /* bgImages */,
				C60046D61FBECD7300D8A855 /* smallimages */,
				C60046E91FBECD7300D8A855 /* YJWritebgcolor@2x.png */,
				C60046EA1FBECD7300D8A855 /* YJWritebgcolor@3x.png */,
				C60046EB1FBECD7400D8A855 /* YJWritebgimage@2x.png */,
				C60046EC1FBECD7400D8A855 /* YJWritebgimage@3x.png */,
				C60046ED1FBECD7400D8A855 /* YJWriteColse@2x.png */,
				C60046EE1FBECD7400D8A855 /* YJWriteColse@3x.png */,
				C60046EF1FBECD7400D8A855 /* YJWritekeyboarddown@2x.png */,
				C60046F01FBECD7400D8A855 /* YJWritekeyboarddown@3x.png */,
				C60046F11FBECD7400D8A855 /* YJWritekeyboardup@2x.png */,
				C60046F21FBECD7400D8A855 /* YJWritekeyboardup@3x.png */,
				C60046F31FBECD7400D8A855 /* YJWriteLocation@2x.png */,
				C60046F41FBECD7400D8A855 /* YJWriteLocation@3x.png */,
				C60046F51FBECD7400D8A855 /* YJWriteSelect@2x.png */,
				C60046F61FBECD7400D8A855 /* YJWriteSelect@3x.png */,
			);
			path = imageSources;
			sourceTree = "<group>";
		};
		C60046C21FBECD7300D8A855 /* bgColors */ = {
			isa = PBXGroup;
			children = (
				C60046C31FBECD7300D8A855 /* YJBgimage1.png */,
				C60046C41FBECD7300D8A855 /* YJBgimage2.png */,
				C60046C51FBECD7300D8A855 /* YJBgimage3.png */,
				C60046C61FBECD7300D8A855 /* YJBgimage4.png */,
				C60046C71FBECD7300D8A855 /* YJBgimage5.png */,
				C60046C81FBECD7300D8A855 /* YJBgimage6.png */,
			);
			path = bgColors;
			sourceTree = "<group>";
		};
		C60046C91FBECD7300D8A855 /* bgImages */ = {
			isa = PBXGroup;
			children = (
				C60046CA1FBECD7300D8A855 /* YJBgimage10.jpg */,
				C60046CB1FBECD7300D8A855 /* YJBgimage11.jpg */,
				C60046CC1FBECD7300D8A855 /* YJBgimage12.png */,
				C60046CD1FBECD7300D8A855 /* YJBgimage13.png */,
				C60046CE1FBECD7300D8A855 /* YJBgimage14.png */,
				C60046CF1FBECD7300D8A855 /* YJBgimage15.png */,
				C60046D01FBECD7300D8A855 /* YJBgimage16.png */,
				C60046D11FBECD7300D8A855 /* YJBgimage17.jpg */,
				C60046D21FBECD7300D8A855 /* YJBgimage18.jpg */,
				C60046D31FBECD7300D8A855 /* YJBgimage7.jpg */,
				C60046D41FBECD7300D8A855 /* YJBgimage8.png */,
				C60046D51FBECD7300D8A855 /* YJBgimage9.jpg */,
			);
			path = bgImages;
			sourceTree = "<group>";
		};
		C60046D61FBECD7300D8A855 /* smallimages */ = {
			isa = PBXGroup;
			children = (
				C60046D71FBECD7300D8A855 /* small_YJBgimage1.png */,
				C60046D81FBECD7300D8A855 /* small_YJBgimage10.jpg */,
				C60046D91FBECD7300D8A855 /* small_YJBgimage11.jpg */,
				C60046DA1FBECD7300D8A855 /* small_YJBgimage12.png */,
				C60046DB1FBECD7300D8A855 /* small_YJBgimage13.png */,
				C60046DC1FBECD7300D8A855 /* small_YJBgimage14.png */,
				C60046DD1FBECD7300D8A855 /* small_YJBgimage15.png */,
				C60046DE1FBECD7300D8A855 /* small_YJBgimage16.png */,
				C60046DF1FBECD7300D8A855 /* small_YJBgimage17.jpg */,
				C60046E01FBECD7300D8A855 /* small_YJBgimage18.jpg */,
				C60046E11FBECD7300D8A855 /* small_YJBgimage2.png */,
				C60046E21FBECD7300D8A855 /* small_YJBgimage3.png */,
				C60046E31FBECD7300D8A855 /* small_YJBgimage4.png */,
				C60046E41FBECD7300D8A855 /* small_YJBgimage5.png */,
				C60046E51FBECD7300D8A855 /* small_YJBgimage6.png */,
				C60046E61FBECD7300D8A855 /* small_YJBgimage7.jpg */,
				C60046E71FBECD7300D8A855 /* small_YJBgimage8.png */,
				C60046E81FBECD7300D8A855 /* small_YJBgimage9.jpg */,
			);
			path = smallimages;
			sourceTree = "<group>";
		};
		C60046F91FBECD7400D8A855 /* UIKit */ = {
			isa = PBXGroup;
			children = (
				C60046FA1FBECD7400D8A855 /* ClassGategroy */,
				C60047031FBECD7400D8A855 /* DeviceUUID */,
				C60047091FBECD7400D8A855 /* EmojiClass */,
				C60047171FBECD7400D8A855 /* fileManager */,
				C600471A1FBECD7400D8A855 /* FMDBManager */,
				C600471D1FBECD7400D8A855 /* FXBlurView */,
				C60047201FBECD7400D8A855 /* HTTPRequestManager */,
				C60047231FBECD7400D8A855 /* JSONKit */,
				C60047261FBECD7400D8A855 /* LocationManager */,
				C60047291FBECD7400D8A855 /* PasswordEnterView */,
				C600472C1FBECD7400D8A855 /* ProgressHUB */,
				C600472F1FBECD7400D8A855 /* SWTableViewCell */,
				C600473D1FBECD7400D8A855 /* SystemCache */,
				C60047411FBECD7400D8A855 /* VVBlurPresentation */,
			);
			path = UIKit;
			sourceTree = "<group>";
		};
		C60046FA1FBECD7400D8A855 /* ClassGategroy */ = {
			isa = PBXGroup;
			children = (
				C60046FB1FBECD7400D8A855 /* NSString+StringCateGory.h */,
				C60046FC1FBECD7400D8A855 /* NSString+StringCateGory.m */,
				C60046FD1FBECD7400D8A855 /* NSString+Valid.h */,
				C60046FE1FBECD7400D8A855 /* NSString+Valid.m */,
				C60046FF1FBECD7400D8A855 /* UIImage+Blur.h */,
				C60047001FBECD7400D8A855 /* UIImage+Blur.m */,
				C60047011FBECD7400D8A855 /* UIView+getFrame.h */,
				C60047021FBECD7400D8A855 /* UIView+getFrame.m */,
			);
			path = ClassGategroy;
			sourceTree = "<group>";
		};
		C60047031FBECD7400D8A855 /* DeviceUUID */ = {
			isa = PBXGroup;
			children = (
				C60047041FBECD7400D8A855 /* UDID */,
			);
			path = DeviceUUID;
			sourceTree = "<group>";
		};
		C60047041FBECD7400D8A855 /* UDID */ = {
			isa = PBXGroup;
			children = (
				C60047051FBECD7400D8A855 /* DeviceUUID.h */,
				C60047061FBECD7400D8A855 /* DeviceUUID.m */,
				C60047071FBECD7400D8A855 /* KeychainItemWrapper.h */,
				C60047081FBECD7400D8A855 /* KeychainItemWrapper.m */,
			);
			path = UDID;
			sourceTree = "<group>";
		};
		C60047091FBECD7400D8A855 /* EmojiClass */ = {
			isa = PBXGroup;
			children = (
				C600470A1FBECD7400D8A855 /* Emoji */,
				C60047151FBECD7400D8A855 /* MWDEmojiView.h */,
				C60047161FBECD7400D8A855 /* MWDEmojiView.m */,
			);
			path = EmojiClass;
			sourceTree = "<group>";
		};
		C600470A1FBECD7400D8A855 /* Emoji */ = {
			isa = PBXGroup;
			children = (
				C600470B1FBECD7400D8A855 /* Emoji.h */,
				C600470C1FBECD7400D8A855 /* Emoji.m */,
				C600470D1FBECD7400D8A855 /* EmojiEmoticons.h */,
				C600470E1FBECD7400D8A855 /* EmojiEmoticons.m */,
				C600470F1FBECD7400D8A855 /* EmojiMapSymbols.h */,
				C60047101FBECD7400D8A855 /* EmojiMapSymbols.m */,
				C60047111FBECD7400D8A855 /* EmojiPictographs.h */,
				C60047121FBECD7400D8A855 /* EmojiPictographs.m */,
				C60047131FBECD7400D8A855 /* EmojiTransport.h */,
				C60047141FBECD7400D8A855 /* EmojiTransport.m */,
			);
			path = Emoji;
			sourceTree = "<group>";
		};
		C60047171FBECD7400D8A855 /* fileManager */ = {
			isa = PBXGroup;
			children = (
				C60047181FBECD7400D8A855 /* FileManager.h */,
				C60047191FBECD7400D8A855 /* FileManager.m */,
			);
			path = fileManager;
			sourceTree = "<group>";
		};
		C600471A1FBECD7400D8A855 /* FMDBManager */ = {
			isa = PBXGroup;
			children = (
				C600471B1FBECD7400D8A855 /* FMDBManager.h */,
				C600471C1FBECD7400D8A855 /* FMDBManager.m */,
			);
			path = FMDBManager;
			sourceTree = "<group>";
		};
		C600471D1FBECD7400D8A855 /* FXBlurView */ = {
			isa = PBXGroup;
			children = (
				C600471E1FBECD7400D8A855 /* FXBlurView.h */,
				C600471F1FBECD7400D8A855 /* FXBlurView.m */,
			);
			path = FXBlurView;
			sourceTree = "<group>";
		};
		C60047201FBECD7400D8A855 /* HTTPRequestManager */ = {
			isa = PBXGroup;
			children = (
				C60047211FBECD7400D8A855 /* AFHTTPClickManager.h */,
				C60047221FBECD7400D8A855 /* AFHTTPClickManager.m */,
			);
			path = HTTPRequestManager;
			sourceTree = "<group>";
		};
		C60047231FBECD7400D8A855 /* JSONKit */ = {
			isa = PBXGroup;
			children = (
				C60047241FBECD7400D8A855 /* JSONKit.h */,
				C60047251FBECD7400D8A855 /* JSONKit.m */,
			);
			path = JSONKit;
			sourceTree = "<group>";
		};
		C60047261FBECD7400D8A855 /* LocationManager */ = {
			isa = PBXGroup;
			children = (
				C60047271FBECD7400D8A855 /* LocationManager.h */,
				C60047281FBECD7400D8A855 /* LocationManager.m */,
			);
			path = LocationManager;
			sourceTree = "<group>";
		};
		C60047291FBECD7400D8A855 /* PasswordEnterView */ = {
			isa = PBXGroup;
			children = (
				C600472A1FBECD7400D8A855 /* YJPasswordView.h */,
				C600472B1FBECD7400D8A855 /* YJPasswordView.m */,
			);
			path = PasswordEnterView;
			sourceTree = "<group>";
		};
		C600472C1FBECD7400D8A855 /* ProgressHUB */ = {
			isa = PBXGroup;
			children = (
				C600472D1FBECD7400D8A855 /* CHJProgressHUB.h */,
				C600472E1FBECD7400D8A855 /* CHJProgressHUB.m */,
			);
			path = ProgressHUB;
			sourceTree = "<group>";
		};
		C600472F1FBECD7400D8A855 /* SWTableViewCell */ = {
			isa = PBXGroup;
			children = (
				C60047301FBECD7400D8A855 /* Constants.h */,
				C60047311FBECD7400D8A855 /* NSMutableArray+SWUtilityButtons.h */,
				C60047321FBECD7400D8A855 /* NSMutableArray+SWUtilityButtons.m */,
				C60047331FBECD7400D8A855 /* SWCellScrollView.h */,
				C60047341FBECD7400D8A855 /* SWCellScrollView.m */,
				C60047351FBECD7400D8A855 /* SWLongPressGestureRecognizer.h */,
				C60047361FBECD7400D8A855 /* SWLongPressGestureRecognizer.m */,
				C60047371FBECD7400D8A855 /* SWTableViewCell.h */,
				C60047381FBECD7400D8A855 /* SWTableViewCell.m */,
				C60047391FBECD7400D8A855 /* SWUtilityButtonTapGestureRecognizer.h */,
				C600473A1FBECD7400D8A855 /* SWUtilityButtonTapGestureRecognizer.m */,
				C600473B1FBECD7400D8A855 /* SWUtilityButtonView.h */,
				C600473C1FBECD7400D8A855 /* SWUtilityButtonView.m */,
			);
			path = SWTableViewCell;
			sourceTree = "<group>";
		};
		C600473D1FBECD7400D8A855 /* SystemCache */ = {
			isa = PBXGroup;
			children = (
				C600473E1FBECD7400D8A855 /* SystemCache.h */,
				C600473F1FBECD7400D8A855 /* SystemCache.m */,
				C60047401FBECD7400D8A855 /* SystemConfig.h */,
			);
			path = SystemCache;
			sourceTree = "<group>";
		};
		C60047411FBECD7400D8A855 /* VVBlurPresentation */ = {
			isa = PBXGroup;
			children = (
				C60047421FBECD7400D8A855 /* VVBlurPresentationController.h */,
				C60047431FBECD7400D8A855 /* VVBlurPresentationController.m */,
				C60047441FBECD7400D8A855 /* VVBlurPresenter.h */,
				C60047451FBECD7400D8A855 /* VVBlurPresenter.m */,
				C60047461FBECD7400D8A855 /* VVBlurTransitioning.h */,
				C60047471FBECD7400D8A855 /* VVBlurTransitioning.m */,
				C60047481FBECD7400D8A855 /* VVBlurViewController.h */,
				C60047491FBECD7400D8A855 /* VVBlurViewController.m */,
			);
			path = VVBlurPresentation;
			sourceTree = "<group>";
		};
/* End PBXGroup section */

/* Begin PBXNativeTarget section */
		C60045ED1FBECA8D00D8A855 /* YueJi */ = {
			isa = PBXNativeTarget;
			buildConfigurationList = C60046041FBECA8D00D8A855 /* Build configuration list for PBXNativeTarget "YueJi" */;
			buildPhases = (
				6DBEF629682E18EB5497F953 /* [CP] Check Pods Manifest.lock */,
				C60045EA1FBECA8D00D8A855 /* Sources */,
				C60045EB1FBECA8D00D8A855 /* Frameworks */,
				C60045EC1FBECA8D00D8A855 /* Resources */,
				D86349541FB4AD3EA32AFEB5 /* [CP] Embed Pods Frameworks */,
				E0E13B378D233F64609558C5 /* [CP] Copy Pods Resources */,
			);
			buildRules = (
			);
			dependencies = (
			);
			name = YueJi;
			productName = YueJi;
			productReference = C60045EE1FBECA8D00D8A855 /* YueJi.app */;
			productType = "com.apple.product-type.application";
		};
/* End PBXNativeTarget section */

/* Begin PBXProject section */
		C60045E61FBECA8D00D8A855 /* Project object */ = {
			isa = PBXProject;
			attributes = {
				LastUpgradeCheck = 0900;
				ORGANIZATIONNAME = Mac;
				TargetAttributes = {
					C60045ED1FBECA8D00D8A855 = {
						CreatedOnToolsVersion = 9.0;
						ProvisioningStyle = Automatic;
					};
				};
			};
			buildConfigurationList = C60045E91FBECA8D00D8A855 /* Build configuration list for PBXProject "YueJi" */;
			compatibilityVersion = "Xcode 8.0";
			developmentRegion = en;
			hasScannedForEncodings = 0;
			knownRegions = (
				en,
				Base,
			);
			mainGroup = C60045E51FBECA8D00D8A855;
			productRefGroup = C60045EF1FBECA8D00D8A855 /* Products */;
			projectDirPath = "";
			projectRoot = "";
			targets = (
				C60045ED1FBECA8D00D8A855 /* YueJi */,
			);
		};
/* End PBXProject section */

/* Begin PBXResourcesBuildPhase section */
		C60045EC1FBECA8D00D8A855 /* Resources */ = {
			isa = PBXResourcesBuildPhase;
			buildActionMask = 2147483647;
			files = (
				C60047BD1FBECE3300D8A855 /* YJBgimage10.jpg in Resources */,
				C60047BE1FBECE3300D8A855 /* YJBgimage11.jpg in Resources */,
				C60047BF1FBECE3300D8A855 /* YJBgimage17.jpg in Resources */,
				C60047C01FBECE3300D8A855 /* YJBgimage18.jpg in Resources */,
				C60047C11FBECE3300D8A855 /* YJBgimage7.jpg in Resources */,
				C60047C21FBECE3300D8A855 /* YJBgimage9.jpg in Resources */,
				C60047C31FBECE3300D8A855 /* small_YJBgimage10.jpg in Resources */,
				C60047C41FBECE3300D8A855 /* small_YJBgimage11.jpg in Resources */,
				C60047C51FBECE3300D8A855 /* small_YJBgimage17.jpg in Resources */,
				C60047C61FBECE3300D8A855 /* small_YJBgimage18.jpg in Resources */,
				C60047C71FBECE3300D8A855 /* small_YJBgimage7.jpg in Resources */,
				C60047C81FBECE3300D8A855 /* small_YJBgimage9.jpg in Resources */,
				C60047BC1FBECE1C00D8A855 /* Xingkai.ttc in Resources */,
				C60047B81FBECE0100D8A855 /* FZQTJW.TTF in Resources */,
				C60047B91FBECE0100D8A855 /* FZSJSJW.TTF in Resources */,
				C60047BA1FBECE0100D8A855 /* FZSTJW.TTF in Resources */,
				C60047BB1FBECE0100D8A855 /* WeibeiSC-Bold.ttf in Resources */,
				C600478F1FBECDF300D8A855 /* touchIDImage@2x.png in Resources */,
				C60047901FBECDF300D8A855 /* touchIDImage@3x.png in Resources */,
				C60047911FBECDF300D8A855 /* YJHome_kuang.png in Resources */,
				C60047921FBECDF300D8A855 /* YJBgimage1.png in Resources */,
				C60047931FBECDF300D8A855 /* YJBgimage2.png in Resources */,
				C60047941FBECDF300D8A855 /* YJBgimage3.png in Resources */,
				C60047951FBECDF300D8A855 /* YJBgimage4.png in Resources */,
				C60047961FBECDF300D8A855 /* YJBgimage5.png in Resources */,
				C60047971FBECDF300D8A855 /* YJBgimage6.png in Resources */,
				C60047981FBECDF300D8A855 /* YJBgimage12.png in Resources */,
				C60047991FBECDF300D8A855 /* YJBgimage13.png in Resources */,
				C600479A1FBECDF300D8A855 /* YJBgimage14.png in Resources */,
				C600479B1FBECDF300D8A855 /* YJBgimage15.png in Resources */,
				C600479C1FBECDF300D8A855 /* YJBgimage16.png in Resources */,
				C600479D1FBECDF300D8A855 /* YJBgimage8.png in Resources */,
				C600479E1FBECDF300D8A855 /* small_YJBgimage1.png in Resources */,
				C600479F1FBECDF300D8A855 /* small_YJBgimage12.png in Resources */,
				C60047A01FBECDF300D8A855 /* small_YJBgimage13.png in Resources */,
				C60047A11FBECDF300D8A855 /* small_YJBgimage14.png in Resources */,
				C60047A21FBECDF300D8A855 /* small_YJBgimage15.png in Resources */,
				C60047A31FBECDF300D8A855 /* small_YJBgimage16.png in Resources */,
				C60047A41FBECDF300D8A855 /* small_YJBgimage2.png in Resources */,
				C60047A51FBECDF300D8A855 /* small_YJBgimage3.png in Resources */,
				C60047A61FBECDF300D8A855 /* small_YJBgimage4.png in Resources */,
				C60047A71FBECDF300D8A855 /* small_YJBgimage5.png in Resources */,
				C60047A81FBECDF300D8A855 /* small_YJBgimage6.png in Resources */,
				C60047A91FBECDF300D8A855 /* small_YJBgimage8.png in Resources */,
				C60047AA1FBECDF300D8A855 /* YJWritebgcolor@2x.png in Resources */,
				C60047AB1FBECDF300D8A855 /* YJWritebgcolor@3x.png in Resources */,
				C60047AC1FBECDF300D8A855 /* YJWritebgimage@2x.png in Resources */,
				C60047AD1FBECDF300D8A855 /* YJWritebgimage@3x.png in Resources */,
				C60047AE1FBECDF300D8A855 /* YJWriteColse@2x.png in Resources */,
				C60047AF1FBECDF300D8A855 /* YJWriteColse@3x.png in Resources */,
				C60047B01FBECDF300D8A855 /* YJWritekeyboarddown@2x.png in Resources */,
				C60047B11FBECDF300D8A855 /* YJWritekeyboarddown@3x.png in Resources */,
				C60047B21FBECDF300D8A855 /* YJWritekeyboardup@2x.png in Resources */,
				C60047B31FBECDF300D8A855 /* YJWritekeyboardup@3x.png in Resources */,
				C60047B41FBECDF300D8A855 /* YJWriteLocation@2x.png in Resources */,
				C60047B51FBECDF300D8A855 /* YJWriteLocation@3x.png in Resources */,
				C60047B61FBECDF300D8A855 /* YJWriteSelect@2x.png in Resources */,
				C60047B71FBECDF300D8A855 /* YJWriteSelect@3x.png in Resources */,
				C60047891FBECDE100D8A855 /* theme1 in Resources */,
				C600478A1FBECDE100D8A855 /* theme2 in Resources */,
				C600478B1FBECDE100D8A855 /* theme3 in Resources */,
				C600478C1FBECDE100D8A855 /* theme4 in Resources */,
				C600478D1FBECDE100D8A855 /* theme5 in Resources */,
				C600478E1FBECDE100D8A855 /* theme6 in Resources */,
				C60045FE1FBECA8D00D8A855 /* LaunchScreen.storyboard in Resources */,
				C60045FB1FBECA8D00D8A855 /* Assets.xcassets in Resources */,
				C60045F91FBECA8D00D8A855 /* Main.storyboard in Resources */,
			);
			runOnlyForDeploymentPostprocessing = 0;
		};
/* End PBXResourcesBuildPhase section */

/* Begin PBXShellScriptBuildPhase section */
		6DBEF629682E18EB5497F953 /* [CP] Check Pods Manifest.lock */ = {
			isa = PBXShellScriptBuildPhase;
			buildActionMask = 2147483647;
			files = (
			);
			inputPaths = (
				"${PODS_PODFILE_DIR_PATH}/Podfile.lock",
				"${PODS_ROOT}/Manifest.lock",
			);
			name = "[CP] Check Pods Manifest.lock";
			outputPaths = (
				"$(DERIVED_FILE_DIR)/Pods-YueJi-checkManifestLockResult.txt",
			);
			runOnlyForDeploymentPostprocessing = 0;
			shellPath = /bin/sh;
			shellScript = "diff \"${PODS_PODFILE_DIR_PATH}/Podfile.lock\" \"${PODS_ROOT}/Manifest.lock\" > /dev/null\nif [ $? != 0 ] ; then\n    # print error to STDERR\n    echo \"error: The sandbox is not in sync with the Podfile.lock. Run 'pod install' or update your CocoaPods installation.\" >&2\n    exit 1\nfi\n# This output is used by Xcode 'outputs' to avoid re-running this script phase.\necho \"SUCCESS\" > \"${SCRIPT_OUTPUT_FILE_0}\"\n";
			showEnvVarsInLog = 0;
		};
		D86349541FB4AD3EA32AFEB5 /* [CP] Embed Pods Frameworks */ = {
			isa = PBXShellScriptBuildPhase;
			buildActionMask = 2147483647;
			files = (
			);
			inputPaths = (
			);
			name = "[CP] Embed Pods Frameworks";
			outputPaths = (
			);
			runOnlyForDeploymentPostprocessing = 0;
			shellPath = /bin/sh;
			shellScript = "\"${SRCROOT}/Pods/Target Support Files/Pods-YueJi/Pods-YueJi-frameworks.sh\"\n";
			showEnvVarsInLog = 0;
		};
		E0E13B378D233F64609558C5 /* [CP] Copy Pods Resources */ = {
			isa = PBXShellScriptBuildPhase;
			buildActionMask = 2147483647;
			files = (
			);
			inputPaths = (
				"${SRCROOT}/Pods/Target Support Files/Pods-YueJi/Pods-YueJi-resources.sh",
				"${PODS_ROOT}/IQKeyboardManager/IQKeyboardManager/Resources/IQKeyboardManager.bundle",
				"${PODS_ROOT}/MJRefresh/MJRefresh/MJRefresh.bundle",
				"${PODS_CONFIGURATION_BUILD_DIR}/MWPhotoBrowser/MWPhotoBrowser.bundle",
			);
			name = "[CP] Copy Pods Resources";
			outputPaths = (
				"${TARGET_BUILD_DIR}/${UNLOCALIZED_RESOURCES_FOLDER_PATH}",
			);
			runOnlyForDeploymentPostprocessing = 0;
			shellPath = /bin/sh;
			shellScript = "\"${SRCROOT}/Pods/Target Support Files/Pods-YueJi/Pods-YueJi-resources.sh\"\n";
			showEnvVarsInLog = 0;
		};
/* End PBXShellScriptBuildPhase section */

/* Begin PBXSourcesBuildPhase section */
		C60045EA1FBECA8D00D8A855 /* Sources */ = {
			isa = PBXSourcesBuildPhase;
			buildActionMask = 2147483647;
			files = (
				C60047501FBECDCA00D8A855 /* BaseNavigationController.m in Sources */,
				C60047511FBECDCA00D8A855 /* BaseViewController+deveceName.m in Sources */,
				C60047521FBECDCA00D8A855 /* BaseViewController+MJRefresh.m in Sources */,
				C60047531FBECDCA00D8A855 /* BaseViewController+navigationBar.m in Sources */,
				C60047541FBECDCA00D8A855 /* BaseViewController+tapToShowImage.m in Sources */,
				C60047551FBECDCA00D8A855 /* BaseViewController.m in Sources */,
				C60047561FBECDCA00D8A855 /* BaseCell.m in Sources */,
				C60047571FBECDCA00D8A855 /* BaseModel.m in Sources */,
				C60047581FBECDCA00D8A855 /* BaseView.m in Sources */,
				C60047591FBECDCA00D8A855 /* YJThemeButton.m in Sources */,
				C600475A1FBECDCA00D8A855 /* YJThemeImageView.m in Sources */,
				C600475B1FBECDCA00D8A855 /* YJThemeLabel.m in Sources */,
				C600475C1FBECDCA00D8A855 /* YJFontListViewController.m in Sources */,
				C600475D1FBECDCA00D8A855 /* YJFontNameViewController.m in Sources */,
				C600475E1FBECDCA00D8A855 /* YJFontSettingViewController.m in Sources */,
				C600475F1FBECDCA00D8A855 /* YJFontSpaceHeightViewController.m in Sources */,
				C60047601FBECDCA00D8A855 /* YJFontSpaceWidthViewController.m in Sources */,
				C60047611FBECDCA00D8A855 /* YJHomeDownView.m in Sources */,
				C60047621FBECDCA00D8A855 /* YJHomeListCell.m in Sources */,
				C60047631FBECDCA00D8A855 /* YJThemeView.m in Sources */,
				C60047641FBECDCA00D8A855 /* HomeViewController.m in Sources */,
				C60047651FBECDCA00D8A855 /* YJNoteModel.m in Sources */,
				C60047661FBECDCA00D8A855 /* YJSettingViewController.m in Sources */,
				C60047671FBECDCA00D8A855 /* YJActionSheet.m in Sources */,
				C60047681FBECDCA00D8A855 /* YJChangeBgImageColorView.m in Sources */,
				C60047691FBECDCA00D8A855 /* YJWriteViewController.m in Sources */,
				C600476A1FBECDCA00D8A855 /* NSString+StringCateGory.m in Sources */,
				C600476B1FBECDCA00D8A855 /* NSString+Valid.m in Sources */,
				C600476C1FBECDCA00D8A855 /* UIImage+Blur.m in Sources */,
				C600476D1FBECDCA00D8A855 /* UIView+getFrame.m in Sources */,
				C600476E1FBECDCA00D8A855 /* DeviceUUID.m in Sources */,
				C600476F1FBECDCA00D8A855 /* KeychainItemWrapper.m in Sources */,
				C60047701FBECDCA00D8A855 /* Emoji.m in Sources */,
				C60047711FBECDCA00D8A855 /* EmojiEmoticons.m in Sources */,
				C60047721FBECDCA00D8A855 /* EmojiMapSymbols.m in Sources */,
				C60047731FBECDCA00D8A855 /* EmojiPictographs.m in Sources */,
				C60047741FBECDCA00D8A855 /* EmojiTransport.m in Sources */,
				C60047751FBECDCA00D8A855 /* MWDEmojiView.m in Sources */,
				C60047761FBECDCA00D8A855 /* FileManager.m in Sources */,
				C60047771FBECDCA00D8A855 /* FMDBManager.m in Sources */,
				C60047781FBECDCA00D8A855 /* FXBlurView.m in Sources */,
				C60047791FBECDCA00D8A855 /* AFHTTPClickManager.m in Sources */,
				C600477A1FBECDCA00D8A855 /* JSONKit.m in Sources */,
				C600477B1FBECDCA00D8A855 /* LocationManager.m in Sources */,
				C600477C1FBECDCA00D8A855 /* YJPasswordView.m in Sources */,
				C600477D1FBECDCA00D8A855 /* CHJProgressHUB.m in Sources */,
				C600477E1FBECDCA00D8A855 /* NSMutableArray+SWUtilityButtons.m in Sources */,
				C600477F1FBECDCA00D8A855 /* SWCellScrollView.m in Sources */,
				C60047801FBECDCA00D8A855 /* SWLongPressGestureRecognizer.m in Sources */,
				C60047811FBECDCA00D8A855 /* SWTableViewCell.m in Sources */,
				C60047821FBECDCA00D8A855 /* SWUtilityButtonTapGestureRecognizer.m in Sources */,
				C60047831FBECDCA00D8A855 /* SWUtilityButtonView.m in Sources */,
				C60047841FBECDCA00D8A855 /* SystemCache.m in Sources */,
				C60047851FBECDCA00D8A855 /* VVBlurPresentationController.m in Sources */,
				C60047861FBECDCA00D8A855 /* VVBlurPresenter.m in Sources */,
				C60047871FBECDCA00D8A855 /* VVBlurTransitioning.m in Sources */,
				C60047881FBECDCA00D8A855 /* VVBlurViewController.m in Sources */,
				C60046011FBECA8D00D8A855 /* main.m in Sources */,
				C60045F31FBECA8D00D8A855 /* AppDelegate.m in Sources */,
			);
			runOnlyForDeploymentPostprocessing = 0;
		};
/* End PBXSourcesBuildPhase section */

/* Begin PBXVariantGroup section */
		C60045F71FBECA8D00D8A855 /* Main.storyboard */ = {
			isa = PBXVariantGroup;
			children = (
				C60045F81FBECA8D00D8A855 /* Base */,
			);
			name = Main.storyboard;
			sourceTree = "<group>";
		};
		C60045FC1FBECA8D00D8A855 /* LaunchScreen.storyboard */ = {
			isa = PBXVariantGroup;
			children = (
				C60045FD1FBECA8D00D8A855 /* Base */,
			);
			name = LaunchScreen.storyboard;
			sourceTree = "<group>";
		};
/* End PBXVariantGroup section */

/* Begin XCBuildConfiguration section */
		C60046021FBECA8D00D8A855 /* Debug */ = {
			isa = XCBuildConfiguration;
			buildSettings = {
				ALWAYS_SEARCH_USER_PATHS = NO;
				CLANG_ANALYZER_NONNULL = YES;
				CLANG_ANALYZER_NUMBER_OBJECT_CONVERSION = YES_AGGRESSIVE;
				CLANG_CXX_LANGUAGE_STANDARD = "gnu++14";
				CLANG_CXX_LIBRARY = "libc++";
				CLANG_ENABLE_MODULES = YES;
				CLANG_ENABLE_OBJC_ARC = YES;
				CLANG_WARN_BLOCK_CAPTURE_AUTORELEASING = YES;
				CLANG_WARN_BOOL_CONVERSION = YES;
				CLANG_WARN_COMMA = YES;
				CLANG_WARN_CONSTANT_CONVERSION = YES;
				CLANG_WARN_DIRECT_OBJC_ISA_USAGE = YES_ERROR;
				CLANG_WARN_DOCUMENTATION_COMMENTS = YES;
				CLANG_WARN_EMPTY_BODY = YES;
				CLANG_WARN_ENUM_CONVERSION = YES;
				CLANG_WARN_INFINITE_RECURSION = YES;
				CLANG_WARN_INT_CONVERSION = YES;
				CLANG_WARN_NON_LITERAL_NULL_CONVERSION = YES;
				CLANG_WARN_OBJC_LITERAL_CONVERSION = YES;
				CLANG_WARN_OBJC_ROOT_CLASS = YES_ERROR;
				CLANG_WARN_RANGE_LOOP_ANALYSIS = YES;
				CLANG_WARN_STRICT_PROTOTYPES = YES;
				CLANG_WARN_SUSPICIOUS_MOVE = YES;
				CLANG_WARN_UNGUARDED_AVAILABILITY = YES_AGGRESSIVE;
				CLANG_WARN_UNREACHABLE_CODE = YES;
				CLANG_WARN__DUPLICATE_METHOD_MATCH = YES;
				CODE_SIGN_IDENTITY = "iPhone Developer";
				COPY_PHASE_STRIP = NO;
				DEBUG_INFORMATION_FORMAT = dwarf;
				ENABLE_STRICT_OBJC_MSGSEND = YES;
				ENABLE_TESTABILITY = YES;
				GCC_C_LANGUAGE_STANDARD = gnu11;
				GCC_DYNAMIC_NO_PIC = NO;
				GCC_NO_COMMON_BLOCKS = YES;
				GCC_OPTIMIZATION_LEVEL = 0;
				GCC_PREPROCESSOR_DEFINITIONS = (
					"DEBUG=1",
					"$(inherited)",
				);
				GCC_WARN_64_TO_32_BIT_CONVERSION = YES;
				GCC_WARN_ABOUT_RETURN_TYPE = YES_ERROR;
				GCC_WARN_UNDECLARED_SELECTOR = YES;
				GCC_WARN_UNINITIALIZED_AUTOS = YES_AGGRESSIVE;
				GCC_WARN_UNUSED_FUNCTION = YES;
				GCC_WARN_UNUSED_VARIABLE = YES;
				IPHONEOS_DEPLOYMENT_TARGET = 11.0;
				MTL_ENABLE_DEBUG_INFO = YES;
				ONLY_ACTIVE_ARCH = YES;
				SDKROOT = iphoneos;
			};
			name = Debug;
		};
		C60046031FBECA8D00D8A855 /* Release */ = {
			isa = XCBuildConfiguration;
			buildSettings = {
				ALWAYS_SEARCH_USER_PATHS = NO;
				CLANG_ANALYZER_NONNULL = YES;
				CLANG_ANALYZER_NUMBER_OBJECT_CONVERSION = YES_AGGRESSIVE;
				CLANG_CXX_LANGUAGE_STANDARD = "gnu++14";
				CLANG_CXX_LIBRARY = "libc++";
				CLANG_ENABLE_MODULES = YES;
				CLANG_ENABLE_OBJC_ARC = YES;
				CLANG_WARN_BLOCK_CAPTURE_AUTORELEASING = YES;
				CLANG_WARN_BOOL_CONVERSION = YES;
				CLANG_WARN_COMMA = YES;
				CLANG_WARN_CONSTANT_CONVERSION = YES;
				CLANG_WARN_DIRECT_OBJC_ISA_USAGE = YES_ERROR;
				CLANG_WARN_DOCUMENTATION_COMMENTS = YES;
				CLANG_WARN_EMPTY_BODY = YES;
				CLANG_WARN_ENUM_CONVERSION = YES;
				CLANG_WARN_INFINITE_RECURSION = YES;
				CLANG_WARN_INT_CONVERSION = YES;
				CLANG_WARN_NON_LITERAL_NULL_CONVERSION = YES;
				CLANG_WARN_OBJC_LITERAL_CONVERSION = YES;
				CLANG_WARN_OBJC_ROOT_CLASS = YES_ERROR;
				CLANG_WARN_RANGE_LOOP_ANALYSIS = YES;
				CLANG_WARN_STRICT_PROTOTYPES = YES;
				CLANG_WARN_SUSPICIOUS_MOVE = YES;
				CLANG_WARN_UNGUARDED_AVAILABILITY = YES_AGGRESSIVE;
				CLANG_WARN_UNREACHABLE_CODE = YES;
				CLANG_WARN__DUPLICATE_METHOD_MATCH = YES;
				CODE_SIGN_IDENTITY = "iPhone Developer";
				COPY_PHASE_STRIP = NO;
				DEBUG_INFORMATION_FORMAT = "dwarf-with-dsym";
				ENABLE_NS_ASSERTIONS = NO;
				ENABLE_STRICT_OBJC_MSGSEND = YES;
				GCC_C_LANGUAGE_STANDARD = gnu11;
				GCC_NO_COMMON_BLOCKS = YES;
				GCC_WARN_64_TO_32_BIT_CONVERSION = YES;
				GCC_WARN_ABOUT_RETURN_TYPE = YES_ERROR;
				GCC_WARN_UNDECLARED_SELECTOR = YES;
				GCC_WARN_UNINITIALIZED_AUTOS = YES_AGGRESSIVE;
				GCC_WARN_UNUSED_FUNCTION = YES;
				GCC_WARN_UNUSED_VARIABLE = YES;
				IPHONEOS_DEPLOYMENT_TARGET = 11.0;
				MTL_ENABLE_DEBUG_INFO = NO;
				SDKROOT = iphoneos;
				VALIDATE_PRODUCT = YES;
			};
			name = Release;
		};
		C60046051FBECA8D00D8A855 /* Debug */ = {
			isa = XCBuildConfiguration;
			baseConfigurationReference = 430DDB8759A1C88171A816D3 /* Pods-YueJi.debug.xcconfig */;
			buildSettings = {
				ASSETCATALOG_COMPILER_APPICON_NAME = AppIcon;
				ASSETCATALOG_COMPILER_LAUNCHIMAGE_NAME = LaunchImage;
				CODE_SIGN_STYLE = Automatic;
				GCC_PREFIX_HEADER = "$(SRCROOT)/constValue/PrefixHeader.pch";
				INFOPLIST_FILE = YueJi/Info.plist;
				IPHONEOS_DEPLOYMENT_TARGET = 9.0;
				LD_RUNPATH_SEARCH_PATHS = "$(inherited) @executable_path/Frameworks";
				PRODUCT_BUNDLE_IDENTIFIER = aaa.YueJi;
				PRODUCT_NAME = "$(TARGET_NAME)";
				TARGETED_DEVICE_FAMILY = 1;
			};
			name = Debug;
		};
		C60046061FBECA8D00D8A855 /* Release */ = {
			isa = XCBuildConfiguration;
			baseConfigurationReference = 2A43B7DE15D7AB126CA9B5C4 /* Pods-YueJi.release.xcconfig */;
			buildSettings = {
				ASSETCATALOG_COMPILER_APPICON_NAME = AppIcon;
				ASSETCATALOG_COMPILER_LAUNCHIMAGE_NAME = LaunchImage;
				CODE_SIGN_STYLE = Automatic;
				GCC_PREFIX_HEADER = "$(SRCROOT)/constValue/PrefixHeader.pch";
				INFOPLIST_FILE = YueJi/Info.plist;
				IPHONEOS_DEPLOYMENT_TARGET = 9.0;
				LD_RUNPATH_SEARCH_PATHS = "$(inherited) @executable_path/Frameworks";
				PRODUCT_BUNDLE_IDENTIFIER = aaa.YueJi;
				PRODUCT_NAME = "$(TARGET_NAME)";
				TARGETED_DEVICE_FAMILY = 1;
			};
			name = Release;
		};
/* End XCBuildConfiguration section */

/* Begin XCConfigurationList section */
		C60045E91FBECA8D00D8A855 /* Build configuration list for PBXProject "YueJi" */ = {
			isa = XCConfigurationList;
			buildConfigurations = (
				C60046021FBECA8D00D8A855 /* Debug */,
				C60046031FBECA8D00D8A855 /* Release */,
			);
			defaultConfigurationIsVisible = 0;
			defaultConfigurationName = Release;
		};
		C60046041FBECA8D00D8A855 /* Build configuration list for PBXNativeTarget "YueJi" */ = {
			isa = XCConfigurationList;
			buildConfigurations = (
				C60046051FBECA8D00D8A855 /* Debug */,
				C60046061FBECA8D00D8A855 /* Release */,
			);
			defaultConfigurationIsVisible = 0;
			defaultConfigurationName = Release;
		};
/* End XCConfigurationList section */
	};
	rootObject = C60045E61FBECA8D00D8A855 /* Project object */;
}
